{
  "version": 4,
  "terraform_version": "1.7.5",
  "serial": 550,
  "lineage": "2e558d50-c231-e052-53dc-519f6503be61",
  "outputs": {
    "app_url": {
      "value": "greenfield-project-load-balancer-1741691897.eu-central-1.elb.amazonaws.com",
      "type": "string"
    }
  },
  "resources": [
    {
      "mode": "data",
      "type": "aws_ecr_authorization_token",
      "name": "auth_token_ecr",
      "provider": "provider[\"registry.terraform.io/hashicorp/aws\"]",
      "instances": [
        {
          "schema_version": 0,
          "attributes": {
            "authorization_token": "QVdTOmV5SndZWGxzYjJGa0lqb2lPVEFyTDIxQ1NtWlRWV2x5WVVSTFIweDFhSGRXVUhKU1FWWjFlRUVyZGt4SFRWVnhVamg1Tm5kMU5IZzVVVTQxUjJ4U2RHZEpVRVJVTlRnd1VHdHZNa0owUml0c1ZISlBiVUppWVRoWlJFVm9TRlJZZDBWUlZtWTVWakZKY2pVNFJrOW9SV3RITUZoelpuSnhkSEYxZW5Oak1FYzVXbFJJYWpjM1ptdGxPWEZSVTNWNGJYRTFUbUYwZHpoNlJHZFpXbXBWWW1vNVJWVTBVRFZTYTJJMWMwMVplV0pHYWxWemN6ZHlXbk13YWxwaVFVMUtVSEpuVkRsa1VFUnBVMjAyZVZKblVpdDJZV2w0VFdWdk5YQlZaM1pOVG5KYUsyTlFhVWh4WlN0c1ZqTktSVmx2T0VJMkwwdGlWa1ZaT1RocVVVeFRPRWhYYzJoRlkxaDFkSFJFVFdGdFRXY3lSblozVXpKMWJXeFdRa3RqY1ZoQmFreHZiVU5IWnpRNFZrZHpibnBDY1RWalNIbEpaekpWTlZsdlZqWjBVRVl2VkdabVVVcHNXbGR0WWtOeE1UQldOSEEyTkZnMllWaFdkSFExVXpOTE5HcFphblYwV2tabk9WZHBhM0oyTkRCSU9XVkpWR2xZUms1QlYwUldSV1ZtYUdnMVJXeHJRV3B0V1VGUFZHVjFjMUpOYlVKeWJUSk5aa2wyVjNaTlJYVXpRMGRwUVRWTk1tbFVXRmROV0VkblRYVkVVMnhQWkhWNFNYTkxlVTVpYlZwaVNsZDNXbkJOYnpVelVsRkhRM042V25SV2EyTTVPRGswVTJzMUwxVk9ZbFJPVHpZMFFUUk5VWGh5VXpWb1NWZHBZVzlPVDJSamVraHVhRUZXYW1ScU1GUmpORkZQVURoRVNqSmFhRVp2VUZsREt6RTJRemhNWWpGTE5VTkNjRFY2ZVdkVVVGZERiU3RGYkhKT2NDOUVja0ZLVWt0VGJrZEpaM1I1Tm1aWFQyRkVRbmRrUW5KT1VXVXdLekJYTDFadlJFNXFRbFpwUVhaVmNESlBMMVpsY25wQ1dDOXVTMUYzZUdWb1lUWmlaVFl2UTBwMlZubHhiMHRHT1RCRVdYSXJXRFo0VFU1RE5sWTRXR3MxUWtJeGJHRkZNMWRGYlZCcWN6TmtjME0xT0hkVFF6SlpXbmxRUlhabGR6aHNWVkUxVUZoek5YUmtkVTVYVm10NlJVWlNNM1o0TVVVNVZFcERZbVJYV2tkRVpXaGhjR2xvYWtsSk9GUnlVVU50Y2pGTFYzZFZVekJTWnpabU1WTlFUVTQxUzNoSGRFcEtNRlZpYW1RMVQwMW5SR1JET0hVM0wyRTFPVmwyVHk5TFJEVnpibGt4YUVGRGFqVnVWVVJrUlVacFVFbFZabTkzUkdkS1dVcEVUV05oZGtab05FWlFibkF3ZHpWVldFSk5aMjlwUkRZM2F6UmpOMHRMV0VkdlNVYzBTR3RpWmtZM2VIcGFXRVpRTDNGYVRFbzBkQzh5UlhWbmQwZHZRa0UzVFdsTWFYaGhUMGRQVHpWeVdsQjJURUZsYkRkVmFFeGpha2xwWm5WeGJWZGpRMmRJV1ZoNVduVmlaakp6VUZoWVFqZ3pkaXRCVUZFeGVHbEliblZ4TTNSNWQweG5WRVJWYldaYVRsaElWVEp4YTJ0WVVEbFVUbWN2UlVVeFZrNVNkblZoTlhJNVpsbGlPVkVyZFdGUlNuVmthbkpRVEVaMmQyUnBRazFuTkRRNGVVeFVXVkZWZWxSYVZqaDJhbnBhTDJaVU5tcExRM2R2UW1WR1p6SnBOM0pUUm5NOUlpd2laR0YwWVd0bGVTSTZJa0ZSUlVKQlNHZ3plbGxQWkhSd1FrSlRWbmN2V1RKaGJqaENXRWxFTkd0M1RGRm1ibTlVYWpWNmQxcDBSMHBhYjFwUlFVRkJTRFIzWmtGWlNrdHZXa2xvZG1OT1FWRmpSMjlIT0hkaVVVbENRVVJDYjBKbmEzRm9hMmxIT1hjd1FrSjNSWGRJWjFsS1dVbGFTVUZYVlVSQ1FVVjFUVUpGUlVST1JsSnlRMFJJZEZoc1lrcE5NbGR4VVVsQ1JVbEJOMDF1WVhremFITkdlVkJEU1ZocWRrOXdRbk5oVld0eE5HMVRRWFEyVDNwRmVVcHlhSE5IY0RaallqSkRORmw2UldONFVTOVlSbTkyYkVwdk1rSk9jM1ZhVVZKUGNXMDNNU3RXYjI4MVJrRTlJaXdpZG1WeWMybHZiaUk2SWpJaUxDSjBlWEJsSWpvaVJFRlVRVjlMUlZraUxDSmxlSEJwY21GMGFXOXVJam94TnpJeU1qSTVOelEyZlE9PQ==",
            "expires_at": "2024-07-29T05:09:06Z",
            "id": "eu-central-1",
            "password": "eyJwYXlsb2FkIjoiOTArL21CSmZTVWlyYURLR0x1aHdWUHJSQVZ1eEErdkxHTVVxUjh5Nnd1NHg5UU41R2xSdGdJUERUNTgwUGtvMkJ0RitsVHJPbUJiYThZREVoSFRYd0VRVmY5VjFJcjU4Rk9oRWtHMFhzZnJxdHF1enNjMEc5WlRIajc3ZmtlOXFRU3V4bXE1TmF0dzh6RGdZWmpVYmo5RVU0UDVSa2I1c01ZeWJGalVzczdyWnMwalpiQU1KUHJnVDlkUERpU202eVJnUit2YWl4TWVvNXBVZ3ZNTnJaK2NQaUhxZStsVjNKRVlvOEI2L0tiVkVZOThqUUxTOEhXc2hFY1h1dHRETWFtTWcyRnZ3UzJ1bWxWQktjcVhBakxvbUNHZzQ4VkdzbnpCcTVjSHlJZzJVNVlvVjZ0UEYvVGZmUUpsWldtYkNxMTBWNHA2NFg2YVhWdHQ1UzNLNGpZanV0WkZnOVdpa3J2NDBIOWVJVGlYRk5BV0RWRWVmaGg1RWxrQWptWUFPVGV1c1JNbUJybTJNZkl2V3ZNRXUzQ0dpQTVNMmlUWFdNWEdnTXVEU2xPZHV4SXNLeU5ibVpiSld3WnBNbzUzUlFHQ3N6WnRWa2M5ODk0U2s1L1VOYlROTzY0QTRNUXhyUzVoSVdpYW9OT2RjekhuaEFWamRqMFRjNFFPUDhESjJaaEZvUFlDKzE2QzhMYjFLNUNCcDV6eWdUUFdDbStFbHJOcC9EckFKUktTbkdJZ3R5NmZXT2FEQndkQnJOUWUwKzBXL1ZvRE5qQlZpQXZVcDJPL1ZlcnpCWC9uS1F3eGVoYTZiZTYvQ0p2Vnlxb0tGOTBEWXIrWDZ4TU5DNlY4WGs1QkIxbGFFM1dFbVBqczNkc0M1OHdTQzJZWnlQRXZldzhsVVE1UFhzNXRkdU5XVmt6RUZSM3Z4MUU5VEpDYmRXWkdEZWhhcGloaklJOFRyUUNtcjFLV3dVUzBSZzZmMVNQTU41S3hHdEpKMFViamQ1T01nRGRDOHU3L2E1OVl2Ty9LRDVzblkxaEFDajVuVURkRUZpUElVZm93RGdKWUpETWNhdkZoNEZQbnAwdzVVWEJNZ29pRDY3azRjN0tLWEdvSUc0SGtiZkY3eHpaWEZQL3FaTEo0dC8yRXVnd0dvQkE3TWlMaXhhT0dPTzVyWlB2TEFlbDdVaExjaklpZnVxbVdjQ2dIWVh5WnViZjJzUFhYQjgzditBUFExeGlIbnVxM3R5d0xnVERVbWZaTlhIVTJxa2tYUDlUTmcvRUUxVk5SdnVhNXI5ZlliOVErdWFRSnVkanJQTEZ2d2RpQk1nNDQ4eUxUWVFVelRaVjh2anpaL2ZUNmpLQ3dvQmVGZzJpN3JTRnM9IiwiZGF0YWtleSI6IkFRRUJBSGgzellPZHRwQkJTVncvWTJhbjhCWElENGt3TFFmbm9UajV6d1p0R0pab1pRQUFBSDR3ZkFZSktvWklodmNOQVFjR29HOHdiUUlCQURCb0Jna3Foa2lHOXcwQkJ3RXdIZ1lKWUlaSUFXVURCQUV1TUJFRURORlJyQ0RIdFhsYkpNMldxUUlCRUlBN01uYXkzaHNGeVBDSVhqdk9wQnNhVWtxNG1TQXQ2T3pFeUpyaHNHcDZjYjJDNFl6RWN4US9YRm92bEpvMkJOc3VaUVJPcW03MStWb281RkE9IiwidmVyc2lvbiI6IjIiLCJ0eXBlIjoiREFUQV9LRVkiLCJleHBpcmF0aW9uIjoxNzIyMjI5NzQ2fQ==",
            "proxy_endpoint": "https://654654510727.dkr.ecr.eu-central-1.amazonaws.com",
            "registry_id": null,
            "user_name": "AWS"
          },
          "sensitive_attributes": []
        }
      ]
    },
    {
      "mode": "data",
      "type": "aws_iam_policy_document",
      "name": "assume_role_policy",
      "provider": "provider[\"registry.terraform.io/hashicorp/aws\"]",
      "instances": [
        {
          "schema_version": 0,
          "attributes": {
            "id": "1077804475",
            "json": "{\n  \"Version\": \"2012-10-17\",\n  \"Statement\": [\n    {\n      \"Effect\": \"Allow\",\n      \"Action\": \"sts:AssumeRole\",\n      \"Principal\": {\n        \"Service\": \"ecs-tasks.amazonaws.com\"\n      }\n    }\n  ]\n}",
            "minified_json": "{\"Version\":\"2012-10-17\",\"Statement\":[{\"Effect\":\"Allow\",\"Action\":\"sts:AssumeRole\",\"Principal\":{\"Service\":\"ecs-tasks.amazonaws.com\"}}]}",
            "override_json": null,
            "override_policy_documents": null,
            "policy_id": null,
            "source_json": null,
            "source_policy_documents": null,
            "statement": [
              {
                "actions": [
                  "sts:AssumeRole"
                ],
                "condition": [],
                "effect": "Allow",
                "not_actions": [],
                "not_principals": [],
                "not_resources": [],
                "principals": [
                  {
                    "identifiers": [
                      "ecs-tasks.amazonaws.com"
                    ],
                    "type": "Service"
                  }
                ],
                "resources": [],
                "sid": ""
              }
            ],
            "version": "2012-10-17"
          },
          "sensitive_attributes": []
        }
      ]
    },
    {
      "mode": "managed",
      "type": "aws_alb",
      "name": "greenfield_project_load_balancer",
      "provider": "provider[\"registry.terraform.io/hashicorp/aws\"]",
      "instances": [
        {
          "schema_version": 0,
          "attributes": {
            "access_logs": [
              {
                "bucket": "",
                "enabled": false,
                "prefix": ""
              }
            ],
            "arn": "arn:aws:elasticloadbalancing:eu-central-1:654654510727:loadbalancer/app/greenfield-project-load-balancer/e7020cb7444f50de",
            "arn_suffix": "app/greenfield-project-load-balancer/e7020cb7444f50de",
            "client_keep_alive": 3600,
            "connection_logs": [
              {
                "bucket": "",
                "enabled": false,
                "prefix": ""
              }
            ],
            "customer_owned_ipv4_pool": "",
            "desync_mitigation_mode": "defensive",
            "dns_name": "greenfield-project-load-balancer-1741691897.eu-central-1.elb.amazonaws.com",
            "dns_record_client_routing_policy": null,
            "drop_invalid_header_fields": false,
            "enable_cross_zone_load_balancing": true,
            "enable_deletion_protection": false,
            "enable_http2": true,
            "enable_tls_version_and_cipher_suite_headers": false,
            "enable_waf_fail_open": false,
            "enable_xff_client_port": false,
            "enforce_security_group_inbound_rules_on_private_link_traffic": "",
            "id": "arn:aws:elasticloadbalancing:eu-central-1:654654510727:loadbalancer/app/greenfield-project-load-balancer/e7020cb7444f50de",
            "idle_timeout": 60,
            "internal": false,
            "ip_address_type": "ipv4",
            "load_balancer_type": "application",
            "name": "greenfield-project-load-balancer",
            "name_prefix": "",
            "preserve_host_header": false,
            "security_groups": [
              "sg-072cdd0e7b6e2f7cf"
            ],
            "subnet_mapping": [
              {
                "allocation_id": "",
                "ipv6_address": "",
                "outpost_id": "",
                "private_ipv4_address": "",
                "subnet_id": "subnet-01a5cbe3e50d7700b"
              },
              {
                "allocation_id": "",
                "ipv6_address": "",
                "outpost_id": "",
                "private_ipv4_address": "",
                "subnet_id": "subnet-0421e6e20348ba7a5"
              }
            ],
            "subnets": [
              "subnet-01a5cbe3e50d7700b",
              "subnet-0421e6e20348ba7a5"
            ],
            "tags": null,
            "tags_all": {},
            "timeouts": null,
            "vpc_id": "vpc-01820f5b3ff3967d9",
            "xff_header_processing_mode": "append",
            "zone_id": "Z215JYRZR1TBD5"
          },
          "sensitive_attributes": [],
          "private": "eyJlMmJmYjczMC1lY2FhLTExZTYtOGY4OC0zNDM2M2JjN2M0YzAiOnsiY3JlYXRlIjo2MDAwMDAwMDAwMDAsImRlbGV0ZSI6NjAwMDAwMDAwMDAwLCJ1cGRhdGUiOjYwMDAwMDAwMDAwMH19",
          "dependencies": [
            "aws_default_subnet.default_subnet_a",
            "aws_default_subnet.default_subnet_b",
            "aws_security_group.lb_security_group"
          ]
        }
      ]
    },
    {
      "mode": "managed",
      "type": "aws_default_subnet",
      "name": "default_subnet_a",
      "provider": "provider[\"registry.terraform.io/hashicorp/aws\"]",
      "instances": [
        {
          "schema_version": 1,
          "attributes": {
            "arn": "arn:aws:ec2:eu-central-1:654654510727:subnet/subnet-0421e6e20348ba7a5",
            "assign_ipv6_address_on_creation": false,
            "availability_zone": "eu-central-1a",
            "availability_zone_id": "euc1-az2",
            "cidr_block": "172.31.16.0/20",
            "customer_owned_ipv4_pool": "",
            "enable_dns64": false,
            "enable_lni_at_device_index": 0,
            "enable_resource_name_dns_a_record_on_launch": false,
            "enable_resource_name_dns_aaaa_record_on_launch": false,
            "existing_default_subnet": true,
            "force_destroy": false,
            "id": "subnet-0421e6e20348ba7a5",
            "ipv6_cidr_block": "",
            "ipv6_cidr_block_association_id": "",
            "ipv6_native": false,
            "map_customer_owned_ip_on_launch": false,
            "map_public_ip_on_launch": true,
            "outpost_arn": "",
            "owner_id": "654654510727",
            "private_dns_hostname_type_on_launch": "ip-name",
            "tags": null,
            "tags_all": {},
            "timeouts": null,
            "vpc_id": "vpc-01820f5b3ff3967d9"
          },
          "sensitive_attributes": [],
          "private": "eyJlMmJmYjczMC1lY2FhLTExZTYtOGY4OC0zNDM2M2JjN2M0YzAiOnsiY3JlYXRlIjo2MDAwMDAwMDAwMDAsImRlbGV0ZSI6MTIwMDAwMDAwMDAwMH0sInNjaGVtYV92ZXJzaW9uIjoiMSJ9"
        }
      ]
    },
    {
      "mode": "managed",
      "type": "aws_default_subnet",
      "name": "default_subnet_b",
      "provider": "provider[\"registry.terraform.io/hashicorp/aws\"]",
      "instances": [
        {
          "schema_version": 1,
          "attributes": {
            "arn": "arn:aws:ec2:eu-central-1:654654510727:subnet/subnet-01a5cbe3e50d7700b",
            "assign_ipv6_address_on_creation": false,
            "availability_zone": "eu-central-1b",
            "availability_zone_id": "euc1-az3",
            "cidr_block": "172.31.32.0/20",
            "customer_owned_ipv4_pool": "",
            "enable_dns64": false,
            "enable_lni_at_device_index": 0,
            "enable_resource_name_dns_a_record_on_launch": false,
            "enable_resource_name_dns_aaaa_record_on_launch": false,
            "existing_default_subnet": true,
            "force_destroy": false,
            "id": "subnet-01a5cbe3e50d7700b",
            "ipv6_cidr_block": "",
            "ipv6_cidr_block_association_id": "",
            "ipv6_native": false,
            "map_customer_owned_ip_on_launch": false,
            "map_public_ip_on_launch": true,
            "outpost_arn": "",
            "owner_id": "654654510727",
            "private_dns_hostname_type_on_launch": "ip-name",
            "tags": null,
            "tags_all": {},
            "timeouts": null,
            "vpc_id": "vpc-01820f5b3ff3967d9"
          },
          "sensitive_attributes": [],
          "private": "eyJlMmJmYjczMC1lY2FhLTExZTYtOGY4OC0zNDM2M2JjN2M0YzAiOnsiY3JlYXRlIjo2MDAwMDAwMDAwMDAsImRlbGV0ZSI6MTIwMDAwMDAwMDAwMH0sInNjaGVtYV92ZXJzaW9uIjoiMSJ9"
        }
      ]
    },
    {
      "mode": "managed",
      "type": "aws_default_vpc",
      "name": "default_vpc",
      "provider": "provider[\"registry.terraform.io/hashicorp/aws\"]",
      "instances": [
        {
          "schema_version": 1,
          "attributes": {
            "arn": "arn:aws:ec2:eu-central-1:654654510727:vpc/vpc-01820f5b3ff3967d9",
            "assign_generated_ipv6_cidr_block": false,
            "cidr_block": "172.31.0.0/16",
            "default_network_acl_id": "acl-0cd4185d5111e0fb1",
            "default_route_table_id": "rtb-0553fadd8f25188d7",
            "default_security_group_id": "sg-057d1f21f3d22ca71",
            "dhcp_options_id": "dopt-05fd172afa0263cf5",
            "enable_dns_hostnames": true,
            "enable_dns_support": true,
            "enable_network_address_usage_metrics": false,
            "existing_default_vpc": true,
            "force_destroy": false,
            "id": "vpc-01820f5b3ff3967d9",
            "instance_tenancy": "default",
            "ipv6_association_id": "",
            "ipv6_cidr_block": "",
            "ipv6_cidr_block_network_border_group": "",
            "ipv6_ipam_pool_id": "",
            "ipv6_netmask_length": 0,
            "main_route_table_id": "rtb-0553fadd8f25188d7",
            "owner_id": "654654510727",
            "tags": null,
            "tags_all": {}
          },
          "sensitive_attributes": [],
          "private": "eyJzY2hlbWFfdmVyc2lvbiI6IjEifQ=="
        }
      ]
    },
    {
      "mode": "managed",
      "type": "aws_ecr_lifecycle_policy",
      "name": "lifecycle_policy",
      "provider": "provider[\"registry.terraform.io/hashicorp/aws\"]",
      "instances": [
        {
          "schema_version": 0,
          "attributes": {
            "id": "greenfield-project",
            "policy": "{\"rules\":[{\"action\":{\"type\":\"expire\"},\"description\":\"Keep only the last 15 untagged images.\",\"rulePriority\":1,\"selection\":{\"countNumber\":15,\"countType\":\"imageCountMoreThan\",\"tagStatus\":\"untagged\"}}]}",
            "registry_id": "654654510727",
            "repository": "greenfield-project"
          },
          "sensitive_attributes": [],
          "private": "bnVsbA==",
          "dependencies": [
            "aws_ecr_repository.greenfield_project"
          ]
        }
      ]
    },
    {
      "mode": "managed",
      "type": "aws_ecr_repository",
      "name": "greenfield_project",
      "provider": "provider[\"registry.terraform.io/hashicorp/aws\"]",
      "instances": [
        {
          "schema_version": 0,
          "attributes": {
            "arn": "arn:aws:ecr:eu-central-1:654654510727:repository/greenfield-project",
            "encryption_configuration": [
              {
                "encryption_type": "AES256",
                "kms_key": ""
              }
            ],
            "force_delete": null,
            "id": "greenfield-project",
            "image_scanning_configuration": [
              {
                "scan_on_push": true
              }
            ],
            "image_tag_mutability": "MUTABLE",
            "name": "greenfield-project",
            "registry_id": "654654510727",
            "repository_url": "654654510727.dkr.ecr.eu-central-1.amazonaws.com/greenfield-project",
            "tags": null,
            "tags_all": {},
            "timeouts": null
          },
          "sensitive_attributes": [],
          "private": "eyJlMmJmYjczMC1lY2FhLTExZTYtOGY4OC0zNDM2M2JjN2M0YzAiOnsiZGVsZXRlIjoxMjAwMDAwMDAwMDAwfX0="
        }
      ]
    },
    {
      "mode": "managed",
      "type": "aws_ecs_cluster",
      "name": "greenfield_project_cluster",
      "provider": "provider[\"registry.terraform.io/hashicorp/aws\"]",
      "instances": [
        {
          "schema_version": 0,
          "attributes": {
            "arn": "arn:aws:ecs:eu-central-1:654654510727:cluster/greenfield_project_cluster",
            "configuration": [],
            "id": "arn:aws:ecs:eu-central-1:654654510727:cluster/greenfield_project_cluster",
            "name": "greenfield_project_cluster",
            "service_connect_defaults": [],
            "setting": [
              {
                "name": "containerInsights",
                "value": "enabled"
              }
            ],
            "tags": null,
            "tags_all": {}
          },
          "sensitive_attributes": [],
          "private": "bnVsbA=="
        }
      ]
    },
    {
      "mode": "managed",
      "type": "aws_ecs_service",
      "name": "greenfield_project_app_service",
      "provider": "provider[\"registry.terraform.io/hashicorp/aws\"]",
      "instances": [
        {
          "schema_version": 1,
          "attributes": {
            "alarms": [],
            "capacity_provider_strategy": [],
            "cluster": "arn:aws:ecs:eu-central-1:654654510727:cluster/greenfield_project_cluster",
            "deployment_circuit_breaker": [
              {
                "enable": false,
                "rollback": false
              }
            ],
            "deployment_controller": [
              {
                "type": "ECS"
              }
            ],
            "deployment_maximum_percent": 200,
            "deployment_minimum_healthy_percent": 100,
            "desired_count": 3,
            "enable_ecs_managed_tags": false,
            "enable_execute_command": false,
            "force_new_deployment": null,
            "health_check_grace_period_seconds": 0,
            "iam_role": "/aws-service-role/ecs.amazonaws.com/AWSServiceRoleForECS",
            "id": "arn:aws:ecs:eu-central-1:654654510727:service/greenfield_project_cluster/greenfield-project-app-service",
            "launch_type": "FARGATE",
            "load_balancer": [
              {
                "container_name": "greenfield-project-task",
                "container_port": 8080,
                "elb_name": "",
                "target_group_arn": "arn:aws:elasticloadbalancing:eu-central-1:654654510727:targetgroup/target-group-app/b45fb8223edaa02e"
              }
            ],
            "name": "greenfield-project-app-service",
            "network_configuration": [
              {
                "assign_public_ip": true,
                "security_groups": [
                  "sg-072cdd0e7b6e2f7cf"
                ],
                "subnets": [
                  "subnet-01a5cbe3e50d7700b",
                  "subnet-0421e6e20348ba7a5"
                ]
              }
            ],
            "ordered_placement_strategy": [],
            "placement_constraints": [],
            "platform_version": "LATEST",
            "propagate_tags": "NONE",
            "scheduling_strategy": "REPLICA",
            "service_connect_configuration": [],
            "service_registries": [],
            "tags": null,
            "tags_all": {},
            "task_definition": "arn:aws:ecs:eu-central-1:654654510727:task-definition/greenfield-project-task:14",
            "timeouts": null,
            "triggers": {},
            "volume_configuration": [],
            "wait_for_steady_state": false
          },
          "sensitive_attributes": [],
          "private": "eyJlMmJmYjczMC1lY2FhLTExZTYtOGY4OC0zNDM2M2JjN2M0YzAiOnsiY3JlYXRlIjoxMjAwMDAwMDAwMDAwLCJkZWxldGUiOjEyMDAwMDAwMDAwMDAsInVwZGF0ZSI6MTIwMDAwMDAwMDAwMH0sInNjaGVtYV92ZXJzaW9uIjoiMSJ9",
          "dependencies": [
            "aws_default_subnet.default_subnet_a",
            "aws_default_subnet.default_subnet_b",
            "aws_default_vpc.default_vpc",
            "aws_ecr_repository.greenfield_project",
            "aws_ecs_cluster.greenfield_project_cluster",
            "aws_ecs_task_definition.greenfield_project_task",
            "aws_iam_role.ecsTaskExecution",
            "aws_lb_target_group.target_group_app",
            "aws_security_group.lb_security_group",
            "data.aws_iam_policy_document.assume_role_policy"
          ]
        }
      ]
    },
    {
      "mode": "managed",
      "type": "aws_ecs_task_definition",
      "name": "greenfield_project_task",
      "provider": "provider[\"registry.terraform.io/hashicorp/aws\"]",
      "instances": [
        {
          "schema_version": 1,
          "attributes": {
            "arn": "arn:aws:ecs:eu-central-1:654654510727:task-definition/greenfield-project-task:14",
            "arn_without_revision": "arn:aws:ecs:eu-central-1:654654510727:task-definition/greenfield-project-task",
            "container_definitions": "[{\"Command\":null,\"Cpu\":1024,\"CredentialSpecs\":null,\"DependsOn\":null,\"DisableNetworking\":null,\"DnsSearchDomains\":null,\"DnsServers\":null,\"DockerLabels\":null,\"DockerSecurityOptions\":null,\"EntryPoint\":null,\"Environment\":[],\"EnvironmentFiles\":null,\"Essential\":true,\"ExtraHosts\":null,\"FirelensConfiguration\":null,\"HealthCheck\":{\"Command\":[\"CMD-SHELL\",\"curl -f http://localhost:8080/q/health || exit 1\"],\"Interval\":30,\"Retries\":3,\"StartPeriod\":null,\"Timeout\":5},\"Hostname\":null,\"Image\":\"654654510727.dkr.ecr.eu-central-1.amazonaws.com/greenfield-project\",\"Interactive\":null,\"Links\":null,\"LinuxParameters\":null,\"LogConfiguration\":null,\"Memory\":2048,\"MemoryReservation\":null,\"MountPoints\":[],\"Name\":\"greenfield-project-task\",\"PortMappings\":[{\"AppProtocol\":\"\",\"ContainerPort\":8080,\"ContainerPortRange\":null,\"HostPort\":8080,\"Name\":null,\"Protocol\":\"tcp\"}],\"Privileged\":null,\"PseudoTerminal\":null,\"ReadonlyRootFilesystem\":null,\"RepositoryCredentials\":null,\"ResourceRequirements\":null,\"Secrets\":null,\"StartTimeout\":null,\"StopTimeout\":null,\"SystemControls\":[],\"Ulimits\":null,\"User\":null,\"VolumesFrom\":[],\"WorkingDirectory\":null}]\n",
            "cpu": "1024",
            "ephemeral_storage": [],
            "execution_role_arn": "arn:aws:iam::654654510727:role/ecsTaskExecution",
            "family": "greenfield-project-task",
            "id": "greenfield-project-task",
            "inference_accelerator": [],
            "ipc_mode": "",
            "memory": "2048",
            "network_mode": "awsvpc",
            "pid_mode": "",
            "placement_constraints": [],
            "proxy_configuration": [],
            "requires_compatibilities": [
              "FARGATE"
            ],
            "revision": 14,
            "runtime_platform": [
              {
                "cpu_architecture": "X86_64",
                "operating_system_family": "LINUX"
              }
            ],
            "skip_destroy": false,
            "tags": null,
            "tags_all": {},
            "task_role_arn": "",
            "track_latest": false,
            "volume": []
          },
          "sensitive_attributes": [],
          "private": "eyJzY2hlbWFfdmVyc2lvbiI6IjEifQ==",
          "dependencies": [
            "aws_ecr_repository.greenfield_project",
            "aws_iam_role.ecsTaskExecution",
            "data.aws_iam_policy_document.assume_role_policy"
          ]
        }
      ]
    },
    {
      "mode": "managed",
      "type": "aws_iam_role",
      "name": "ecsTaskExecution",
      "provider": "provider[\"registry.terraform.io/hashicorp/aws\"]",
      "instances": [
        {
          "schema_version": 0,
          "attributes": {
            "arn": "arn:aws:iam::654654510727:role/ecsTaskExecution",
            "assume_role_policy": "{\"Statement\":[{\"Action\":\"sts:AssumeRole\",\"Effect\":\"Allow\",\"Principal\":{\"Service\":\"ecs-tasks.amazonaws.com\"}}],\"Version\":\"2012-10-17\"}",
            "create_date": "2024-07-28T17:09:11Z",
            "description": "",
            "force_detach_policies": false,
            "id": "ecsTaskExecution",
            "inline_policy": [],
            "managed_policy_arns": [],
            "max_session_duration": 3600,
            "name": "ecsTaskExecution",
            "name_prefix": "",
            "path": "/",
            "permissions_boundary": "",
            "tags": null,
            "tags_all": {},
            "unique_id": "AROAZQ3DTC2D5JVQTEEQO"
          },
          "sensitive_attributes": [],
          "private": "bnVsbA==",
          "dependencies": [
            "data.aws_iam_policy_document.assume_role_policy"
          ]
        }
      ]
    },
    {
      "mode": "managed",
      "type": "aws_iam_role_policy_attachment",
      "name": "ecsTaskExecutionRole_policy",
      "provider": "provider[\"registry.terraform.io/hashicorp/aws\"]",
      "instances": [
        {
          "schema_version": 0,
          "attributes": {
            "id": "ecsTaskExecution-20240728170916778000000002",
            "policy_arn": "arn:aws:iam::aws:policy/service-role/AmazonECSTaskExecutionRolePolicy",
            "role": "ecsTaskExecution"
          },
          "sensitive_attributes": [],
          "private": "bnVsbA==",
          "dependencies": [
            "aws_iam_role.ecsTaskExecution",
            "data.aws_iam_policy_document.assume_role_policy"
          ]
        }
      ]
    },
    {
      "mode": "managed",
      "type": "aws_lb_listener",
      "name": "listener",
      "provider": "provider[\"registry.terraform.io/hashicorp/aws\"]",
      "instances": [
        {
          "schema_version": 0,
          "attributes": {
            "alpn_policy": null,
            "arn": "arn:aws:elasticloadbalancing:eu-central-1:654654510727:listener/app/greenfield-project-load-balancer/e7020cb7444f50de/2cdb3711a0b5dd95",
            "certificate_arn": null,
            "default_action": [
              {
                "authenticate_cognito": [],
                "authenticate_oidc": [],
                "fixed_response": [],
                "forward": [],
                "order": 1,
                "redirect": [],
                "target_group_arn": "arn:aws:elasticloadbalancing:eu-central-1:654654510727:targetgroup/target-group-app/b45fb8223edaa02e",
                "type": "forward"
              }
            ],
            "id": "arn:aws:elasticloadbalancing:eu-central-1:654654510727:listener/app/greenfield-project-load-balancer/e7020cb7444f50de/2cdb3711a0b5dd95",
            "load_balancer_arn": "arn:aws:elasticloadbalancing:eu-central-1:654654510727:loadbalancer/app/greenfield-project-load-balancer/e7020cb7444f50de",
            "mutual_authentication": [],
            "port": 80,
            "protocol": "HTTP",
            "ssl_policy": "",
            "tags": null,
            "tags_all": {},
            "timeouts": null
          },
          "sensitive_attributes": [],
          "private": "eyJlMmJmYjczMC1lY2FhLTExZTYtOGY4OC0zNDM2M2JjN2M0YzAiOnsiY3JlYXRlIjozMDAwMDAwMDAwMDAsInVwZGF0ZSI6MzAwMDAwMDAwMDAwfX0=",
          "dependencies": [
            "aws_alb.greenfield_project_load_balancer",
            "aws_default_subnet.default_subnet_a",
            "aws_default_subnet.default_subnet_b",
            "aws_default_vpc.default_vpc",
            "aws_lb_target_group.target_group_app",
            "aws_security_group.lb_security_group"
          ]
        }
      ]
    },
    {
      "mode": "managed",
      "type": "aws_lb_target_group",
      "name": "target_group_app",
      "provider": "provider[\"registry.terraform.io/hashicorp/aws\"]",
      "instances": [
        {
          "schema_version": 0,
          "attributes": {
            "arn": "arn:aws:elasticloadbalancing:eu-central-1:654654510727:targetgroup/target-group-app/b45fb8223edaa02e",
            "arn_suffix": "targetgroup/target-group-app/b45fb8223edaa02e",
            "connection_termination": null,
            "deregistration_delay": "300",
            "health_check": [
              {
                "enabled": true,
                "healthy_threshold": 3,
                "interval": 60,
                "matcher": "200",
                "path": "/q/health",
                "port": "traffic-port",
                "protocol": "HTTP",
                "timeout": 30,
                "unhealthy_threshold": 3
              }
            ],
            "id": "arn:aws:elasticloadbalancing:eu-central-1:654654510727:targetgroup/target-group-app/b45fb8223edaa02e",
            "ip_address_type": "ipv4",
            "lambda_multi_value_headers_enabled": false,
            "load_balancer_arns": [],
            "load_balancing_algorithm_type": "round_robin",
            "load_balancing_anomaly_mitigation": "off",
            "load_balancing_cross_zone_enabled": "use_load_balancer_configuration",
            "name": "target-group-app",
            "name_prefix": "",
            "port": 8080,
            "preserve_client_ip": null,
            "protocol": "HTTP",
            "protocol_version": "HTTP1",
            "proxy_protocol_v2": false,
            "slow_start": 0,
            "stickiness": [
              {
                "cookie_duration": 86400,
                "cookie_name": "",
                "enabled": false,
                "type": "lb_cookie"
              }
            ],
            "tags": null,
            "tags_all": {},
            "target_failover": [
              {
                "on_deregistration": null,
                "on_unhealthy": null
              }
            ],
            "target_group_health": [
              {
                "dns_failover": [
                  {
                    "minimum_healthy_targets_count": "1",
                    "minimum_healthy_targets_percentage": "off"
                  }
                ],
                "unhealthy_state_routing": [
                  {
                    "minimum_healthy_targets_count": 1,
                    "minimum_healthy_targets_percentage": "off"
                  }
                ]
              }
            ],
            "target_health_state": [
              {
                "enable_unhealthy_connection_termination": null
              }
            ],
            "target_type": "ip",
            "vpc_id": "vpc-01820f5b3ff3967d9"
          },
          "sensitive_attributes": [],
          "private": "bnVsbA==",
          "dependencies": [
            "aws_default_vpc.default_vpc"
          ]
        }
      ]
    },
    {
      "mode": "managed",
      "type": "aws_security_group",
      "name": "lb_security_group",
      "provider": "provider[\"registry.terraform.io/hashicorp/aws\"]",
      "instances": [
        {
          "schema_version": 1,
          "attributes": {
            "arn": "arn:aws:ec2:eu-central-1:654654510727:security-group/sg-072cdd0e7b6e2f7cf",
            "description": "Managed by Terraform",
            "egress": [
              {
                "cidr_blocks": [
                  "0.0.0.0/0"
                ],
                "description": "",
                "from_port": 0,
                "ipv6_cidr_blocks": [],
                "prefix_list_ids": [],
                "protocol": "-1",
                "security_groups": [],
                "self": false,
                "to_port": 0
              }
            ],
            "id": "sg-072cdd0e7b6e2f7cf",
            "ingress": [
              {
                "cidr_blocks": [
                  "0.0.0.0/0"
                ],
                "description": "",
                "from_port": 80,
                "ipv6_cidr_blocks": [],
                "prefix_list_ids": [],
                "protocol": "tcp",
                "security_groups": [],
                "self": false,
                "to_port": 80
              }
            ],
            "name": "terraform-20240728170915668200000001",
            "name_prefix": "terraform-",
            "owner_id": "654654510727",
            "revoke_rules_on_delete": false,
            "tags": null,
            "tags_all": {},
            "timeouts": null,
            "vpc_id": "vpc-01820f5b3ff3967d9"
          },
          "sensitive_attributes": [],
          "private": "eyJlMmJmYjczMC1lY2FhLTExZTYtOGY4OC0zNDM2M2JjN2M0YzAiOnsiY3JlYXRlIjo2MDAwMDAwMDAwMDAsImRlbGV0ZSI6OTAwMDAwMDAwMDAwfSwic2NoZW1hX3ZlcnNpb24iOiIxIn0="
        }
      ]
    },
    {
      "mode": "managed",
      "type": "aws_security_group",
      "name": "service_security_group",
      "provider": "provider[\"registry.terraform.io/hashicorp/aws\"]",
      "instances": [
        {
          "schema_version": 1,
          "attributes": {
            "arn": "arn:aws:ec2:eu-central-1:654654510727:security-group/sg-03be46d943817fffd",
            "description": "Managed by Terraform",
            "egress": [
              {
                "cidr_blocks": [
                  "0.0.0.0/0"
                ],
                "description": "",
                "from_port": 0,
                "ipv6_cidr_blocks": [],
                "prefix_list_ids": [],
                "protocol": "-1",
                "security_groups": [],
                "self": false,
                "to_port": 0
              }
            ],
            "id": "sg-03be46d943817fffd",
            "ingress": [
              {
                "cidr_blocks": [],
                "description": "",
                "from_port": 0,
                "ipv6_cidr_blocks": [],
                "prefix_list_ids": [],
                "protocol": "-1",
                "security_groups": [
                  "sg-072cdd0e7b6e2f7cf"
                ],
                "self": false,
                "to_port": 0
              }
            ],
            "name": "terraform-20240728170917972600000003",
            "name_prefix": "terraform-",
            "owner_id": "654654510727",
            "revoke_rules_on_delete": false,
            "tags": null,
            "tags_all": {},
            "timeouts": null,
            "vpc_id": "vpc-01820f5b3ff3967d9"
          },
          "sensitive_attributes": [],
          "private": "eyJlMmJmYjczMC1lY2FhLTExZTYtOGY4OC0zNDM2M2JjN2M0YzAiOnsiY3JlYXRlIjo2MDAwMDAwMDAwMDAsImRlbGV0ZSI6OTAwMDAwMDAwMDAwfSwic2NoZW1hX3ZlcnNpb24iOiIxIn0=",
          "dependencies": [
            "aws_security_group.lb_security_group"
          ]
        }
      ]
    },
    {
      "mode": "managed",
      "type": "docker_image",
      "name": "greenfield_project_image",
      "provider": "provider[\"registry.terraform.io/kreuzwerker/docker\"]",
      "instances": [
        {
          "schema_version": 0,
          "attributes": {
            "build": [
              {
                "auth_config": [],
                "build_arg": null,
                "build_args": null,
                "build_id": "",
                "cache_from": [],
                "cgroup_parent": "",
                "context": "../greenfield-project-java/",
                "cpu_period": null,
                "cpu_quota": null,
                "cpu_set_cpus": "",
                "cpu_set_mems": "",
                "cpu_shares": null,
                "dockerfile": "Dockerfile",
                "extra_hosts": [],
                "force_remove": null,
                "isolation": "",
                "label": null,
                "labels": null,
                "memory": null,
                "memory_swap": null,
                "network_mode": "",
                "no_cache": null,
                "platform": "",
                "pull_parent": null,
                "remote_context": "",
                "remove": true,
                "security_opt": [],
                "session_id": "",
                "shm_size": null,
                "squash": null,
                "suppress_output": null,
                "tag": [],
                "target": "",
                "ulimit": [],
                "version": ""
              }
            ],
            "force_remove": null,
            "id": "sha256:96c66d4cb6c66fff0086f4954eca1b57eb82e7c69197c164d4fd431b353d36de654654510727.dkr.ecr.eu-central-1.amazonaws.com/greenfield-project:latest",
            "image_id": "sha256:96c66d4cb6c66fff0086f4954eca1b57eb82e7c69197c164d4fd431b353d36de",
            "keep_locally": null,
            "name": "654654510727.dkr.ecr.eu-central-1.amazonaws.com/greenfield-project:latest",
            "platform": null,
            "pull_triggers": null,
            "repo_digest": "",
            "triggers": null
          },
          "sensitive_attributes": [],
          "private": "bnVsbA==",
          "dependencies": [
            "data.aws_ecr_authorization_token.auth_token_ecr"
          ]
        }
      ]
    },
    {
      "mode": "managed",
      "type": "docker_registry_image",
      "name": "push_docker_image",
      "provider": "provider[\"registry.terraform.io/kreuzwerker/docker\"]",
      "instances": [
        {
          "schema_version": 0,
          "attributes": {
            "id": "sha256:ecf4d62597fcfeb8d72248d908d52ef0645216211619c4d2c4cc3bcb478c5ff5",
            "insecure_skip_verify": false,
            "keep_remotely": false,
            "name": "654654510727.dkr.ecr.eu-central-1.amazonaws.com/greenfield-project:latest",
            "sha256_digest": "sha256:ecf4d62597fcfeb8d72248d908d52ef0645216211619c4d2c4cc3bcb478c5ff5",
            "triggers": null
          },
          "sensitive_attributes": [],
          "private": "bnVsbA==",
          "dependencies": [
            "data.aws_ecr_authorization_token.auth_token_ecr",
            "docker_image.greenfield_project_image"
          ]
        }
      ]
    }
  ],
  "check_results": null
}
