{
  "version": 4,
  "terraform_version": "1.7.5",
  "serial": 449,
  "lineage": "2e558d50-c231-e052-53dc-519f6503be61",
  "outputs": {
    "app_url": {
      "value": "greenfield-project-load-balancer-797874068.eu-central-1.elb.amazonaws.com",
      "type": "string"
    }
  },
  "resources": [
    {
      "mode": "data",
      "type": "aws_ecr_authorization_token",
      "name": "auth_token_ecr",
      "provider": "provider[\"registry.terraform.io/hashicorp/aws\"]",
      "instances": [
        {
          "schema_version": 0,
          "attributes": {
            "authorization_token": "QVdTOmV5SndZWGxzYjJGa0lqb2llVkEwWkZSYWNtWjFjMmRGZFdOSU1FMXZNRE5XVVZGMVUyVjBiMGx1TW1FMFpDOUhjMVJ0WTJZNGFIaE5SbTg0Y2tGT2FUZE9iRlYzT1RsWWFIVlJPRFlyU2pOWFNGbFRiM2hCVFdSMGVITnNhVW92Y25rclNrcENabGhKZWxWTGJXMUpVRE5QWnl0RmMwNWFkRFY1ZDJSVVdrVjBPRGhFTjI0MGNuUlBOM3BoVmtWNWNHVndNbFJ2YWs1VGEzWnZRVWNyVW0xaFp6UkpTbVk1ZFZrM1NFTmpMMDQwYkRrMFIyTkpWMlp0U2taa0syWnJPR0Z0WjJKek9ITk9ZME5MYkdWTFFXWjRiVEl2T0U1MGJsTXhialUwYUZsek9VbzBZbkpYYTBwRU5WSXdWblpsTDJNck1UZFBkblZaVDBKdVVrc3ZNemN6ZDBkRFozSXpSMjFPZVdwTVJIZHBURE50ZUhNdlZVcERSRVJ6V0V4YVRVbHFMMHhLSzJkNVdHNDRNR1pFVjBOUVMxaENWMXAyVFdaMlJWWXhWa3RWV0hsM1VYbFBPRXRGTVdKVmNXOTJlVTVMVlRsMVZrZzRObE42ZDFrNE1WUkpaME5YYW5oaFJUVjJNR3RJZGtoVUwwMUlZM0JGT0UxVU56Uk9WRzlSV1ZneFVYQnNjbWQ0Ym1ONVdDODJabFl4TmxaMFFXOW5ibWRIZWtRNVZUaE5NM05vVm1admNITktRM2hDYVhkT1lVVnRTVXRJYlZaaU9YbE5hRGhRY2s5MlpXOTJOekpLVlVkR2EwOWFNR0UxVW1odU1UZEtZaTl2ZWpKUWEybGhTRU5pVnpaMU1teEVNMmd6ZWtjMGN6VmFjRzlZU1dKblMzRkhOalZ6VkhaTlZFaDNiVVpxZEZRM1ExZE5XWEJuT0ZoVk5FOXFSMlYwVlZCcWNsaDRjU3RyVUhOVFZtcG5hamg0VVVkNmFEWmhlSFpvWjJSSFN6RkdPVkYwY1VsT1EyODJORWRwT1VVeWN6QmxVbmxFVFVoR1VYUkNla2tyU1d0bVdWSnROMDlQT0ZWMU5sSnJOR2t3WjBWd00zQjZVbVJ5WVdsT1lrNW9hMUZQVUVOeWVVZFhXVFY0TWxkV1IzVndZa1pZUWxCdVJGQjNTRkpoTUU1VlpVNVhOMFZ6Y0ZCamVYTXplbHBxTHpKdU0ybzViRzlJVEVVclpHOVBSVzFNYVhwdkswSjFPRGw0WTNRNVZYQk5UMFpHTWxjd056TkpZMk5xVGpnME9HSm5hR3RKYWs1VWFqTmtabFpOUjJkVkwzTk1jR2szWVZSelZqbE5UQ3RTY3l0eVMxUlNaMkZsV1daMGQxbFFjbkpNZUhaa2JtcEdkR28zUlRKM1RWaEZia2wyVUN0aGJpdFpaV2xDYlRSemRqSkpRamR4ZDNwS1JHZFdRV2hwTDBkS00xQkJOVEpDVVc1MFUxUlhTR2xLVWt4dmJWTndjRWh3YlhWM0szcG5VRzVFV2tWQmFrWndhakJFVGtoWVRqZzRSbnBGYldwWGQzSmxXblJLZWpoU2VsSkdSSFpFV2pSbVdqRmpkR05uUldSRGIwczJTRTlCUzFsYU16UkRaRFI1TTAxSmNETTVWMlEzVlRoQmJtSnhlamhLUkZneE5rbEdSR1IyZDJabWRsUkhlV3RoY25CWlRuSnVVbHBJYm5FNE1tRkxSVzlzU0dzM1drNXFObkpSVWxsQ09ESkpXVkJsYWxOQlZ6Wk5XbXRPTmtwTVZqbG9MMVJJYkROS1ZsSXlNbmMxWVhCVlRHazJUSFF6V0ZKNkx6bEVSa2c1ZDJzOUlpd2laR0YwWVd0bGVTSTZJa0ZSUlVKQlNHZ3plbGxQWkhSd1FrSlRWbmN2V1RKaGJqaENXRWxFTkd0M1RGRm1ibTlVYWpWNmQxcDBSMHBhYjFwUlFVRkJTRFIzWmtGWlNrdHZXa2xvZG1OT1FWRmpSMjlIT0hkaVVVbENRVVJDYjBKbmEzRm9hMmxIT1hjd1FrSjNSWGRJWjFsS1dVbGFTVUZYVlVSQ1FVVjFUVUpGUlVSRE9YWTJSV3BKTVdSbllYQm9VMGh1VVVsQ1JVbEJOMDFyWVVnelkyWkZXakZ4VW1OcmVHWXJVSEJNUjFsMFFteE9ZMlZqUVVWTVZsVjNWR0pIYWxWUU1rNU9ZVloxYlROcFQzbzBObUZFUVhkUlZVdzVRVWxWV0RkblJuZDJjR1Y2TlRWaVZFMDlJaXdpZG1WeWMybHZiaUk2SWpJaUxDSjBlWEJsSWpvaVJFRlVRVjlMUlZraUxDSmxlSEJwY21GMGFXOXVJam94TnpJeU1qSXhORFF6ZlE9PQ==",
            "expires_at": "2024-07-29T02:50:43Z",
            "id": "eu-central-1",
            "password": "eyJwYXlsb2FkIjoieVA0ZFRacmZ1c2dFdWNIME1vMDNWUVF1U2V0b0luMmE0ZC9Hc1RtY2Y4aHhNRm84ckFOaTdObFV3OTlYaHVRODYrSjNXSFlTb3hBTWR0eHNsaUovcnkrSkpCZlhJelVLbW1JUDNPZytFc05adDV5d2RUWkV0ODhEN240cnRPN3phVkV5cGVwMlRvak5Ta3ZvQUcrUm1hZzRJSmY5dVk3SENjL040bDk0R2NJV2ZtSkZkK2ZrOGFtZ2JzOHNOY0NLbGVLQWZ4bTIvOE50blMxbjU0aFlzOUo0YnJXa0pENVIwVnZlL2MrMTdPdnVZT0JuUksvMzczd0dDZ3IzR21OeWpMRHdpTDNteHMvVUpDRERzWExaTUlqL0xKK2d5WG44MGZEV0NQS1hCV1p2TWZ2RVYxVktVWHl3UXlPOEtFMWJVcW92eU5LVTl1Vkg4NlN6d1k4MVRJZ0NXanhhRTV2MGtIdkhUL01IY3BFOE1UNzROVG9RWVgxUXBscmd4bmN5WC82ZlYxNlZ0QW9nbmdHekQ5VThNM3NoVmZvcHNKQ3hCaXdOYUVtSUtIbVZiOXlNaDhQck92ZW92NzJKVUdGa09aMGE1UmhuMTdKYi9vejJQa2lhSENiVzZ1MmxEM2gzekc0czVacG9YSWJnS3FHNjVzVHZNVEh3bUZqdFQ3Q1dNWXBnOFhVNE9qR2V0VVBqclh4cStrUHNTVmpnajh4UUd6aDZheHZoZ2RHSzFGOVF0cUlOQ282NEdpOUUyczBlUnlETUhGUXRCekkrSWtmWVJtN09POFV1NlJrNGkwZ0VwM3B6UmRyYWlOYk5oa1FPUENyeUdXWTV4MldWR3VwYkZYQlBuRFB3SFJhME5VZU5XN0VzcFBjeXMzelpqLzJuM2o5bG9ITEUrZG9PRW1MaXpvK0J1ODl4Y3Q5VXBNT0ZGMlcwNzNJY2NqTjg0OGJnaGtJak5UajNkZlZNR2dVL3NMcGk3YVRzVjlNTCtScytyS1RSZ2FlWWZ0d1lQcnJMeHZkbmpGdGo3RTJ3TVhFbkl2UCthbitZZWlCbTRzdjJJQjdxd3pKRGdWQWhpL0dKM1BBNTJCUW50U1RXSGlKUkxvbVNwcEhwbXV3K3pnUG5EWkVBakZwajBETkhYTjg4RnpFbWpXd3JlWnRKejhSelJGRHZEWjRmWjFjdGNnRWRDb0s2SE9BS1laMzRDZDR5M01JcDM5V2Q3VThBbmJxejhKRFgxNklGRGR2d2ZmdlRHeWthcnBZTnJuUlpIbnE4MmFLRW9sSGs3Wk5qNnJRUllCODJJWVBlalNBVzZNWmtONkpMVjloL1RIbDNKVlIyMnc1YXBVTGk2THQzWFJ6LzlERkg5d2s9IiwiZGF0YWtleSI6IkFRRUJBSGgzellPZHRwQkJTVncvWTJhbjhCWElENGt3TFFmbm9UajV6d1p0R0pab1pRQUFBSDR3ZkFZSktvWklodmNOQVFjR29HOHdiUUlCQURCb0Jna3Foa2lHOXcwQkJ3RXdIZ1lKWUlaSUFXVURCQUV1TUJFRURDOXY2RWpJMWRnYXBoU0huUUlCRUlBN01rYUgzY2ZFWjFxUmNreGYrUHBMR1l0QmxOY2VjQUVMVlV3VGJHalVQMk5OYVZ1bTNpT3o0NmFEQXdRVUw5QUlVWDdnRnd2cGV6NTViVE09IiwidmVyc2lvbiI6IjIiLCJ0eXBlIjoiREFUQV9LRVkiLCJleHBpcmF0aW9uIjoxNzIyMjIxNDQzfQ==",
            "proxy_endpoint": "https://654654510727.dkr.ecr.eu-central-1.amazonaws.com",
            "registry_id": null,
            "user_name": "AWS"
          },
          "sensitive_attributes": []
        }
      ]
    },
    {
      "mode": "data",
      "type": "aws_iam_policy_document",
      "name": "assume_role_policy",
      "provider": "provider[\"registry.terraform.io/hashicorp/aws\"]",
      "instances": [
        {
          "schema_version": 0,
          "attributes": {
            "id": "1077804475",
            "json": "{\n  \"Version\": \"2012-10-17\",\n  \"Statement\": [\n    {\n      \"Effect\": \"Allow\",\n      \"Action\": \"sts:AssumeRole\",\n      \"Principal\": {\n        \"Service\": \"ecs-tasks.amazonaws.com\"\n      }\n    }\n  ]\n}",
            "minified_json": "{\"Version\":\"2012-10-17\",\"Statement\":[{\"Effect\":\"Allow\",\"Action\":\"sts:AssumeRole\",\"Principal\":{\"Service\":\"ecs-tasks.amazonaws.com\"}}]}",
            "override_json": null,
            "override_policy_documents": null,
            "policy_id": null,
            "source_json": null,
            "source_policy_documents": null,
            "statement": [
              {
                "actions": [
                  "sts:AssumeRole"
                ],
                "condition": [],
                "effect": "Allow",
                "not_actions": [],
                "not_principals": [],
                "not_resources": [],
                "principals": [
                  {
                    "identifiers": [
                      "ecs-tasks.amazonaws.com"
                    ],
                    "type": "Service"
                  }
                ],
                "resources": [],
                "sid": ""
              }
            ],
            "version": "2012-10-17"
          },
          "sensitive_attributes": []
        }
      ]
    },
    {
      "mode": "managed",
      "type": "aws_alb",
      "name": "greenfield_project_load_balancer",
      "provider": "provider[\"registry.terraform.io/hashicorp/aws\"]",
      "instances": [
        {
          "schema_version": 0,
          "attributes": {
            "access_logs": [
              {
                "bucket": "",
                "enabled": false,
                "prefix": ""
              }
            ],
            "arn": "arn:aws:elasticloadbalancing:eu-central-1:654654510727:loadbalancer/app/greenfield-project-load-balancer/ea302f43189322c0",
            "arn_suffix": "app/greenfield-project-load-balancer/ea302f43189322c0",
            "client_keep_alive": 3600,
            "connection_logs": [
              {
                "bucket": "",
                "enabled": false,
                "prefix": ""
              }
            ],
            "customer_owned_ipv4_pool": "",
            "desync_mitigation_mode": "defensive",
            "dns_name": "greenfield-project-load-balancer-797874068.eu-central-1.elb.amazonaws.com",
            "dns_record_client_routing_policy": null,
            "drop_invalid_header_fields": false,
            "enable_cross_zone_load_balancing": true,
            "enable_deletion_protection": false,
            "enable_http2": true,
            "enable_tls_version_and_cipher_suite_headers": false,
            "enable_waf_fail_open": false,
            "enable_xff_client_port": false,
            "enforce_security_group_inbound_rules_on_private_link_traffic": "",
            "id": "arn:aws:elasticloadbalancing:eu-central-1:654654510727:loadbalancer/app/greenfield-project-load-balancer/ea302f43189322c0",
            "idle_timeout": 60,
            "internal": false,
            "ip_address_type": "ipv4",
            "load_balancer_type": "application",
            "name": "greenfield-project-load-balancer",
            "name_prefix": "",
            "preserve_host_header": false,
            "security_groups": [
              "sg-0622a61b4a4173db8"
            ],
            "subnet_mapping": [
              {
                "allocation_id": "",
                "ipv6_address": "",
                "outpost_id": "",
                "private_ipv4_address": "",
                "subnet_id": "subnet-01a5cbe3e50d7700b"
              },
              {
                "allocation_id": "",
                "ipv6_address": "",
                "outpost_id": "",
                "private_ipv4_address": "",
                "subnet_id": "subnet-0421e6e20348ba7a5"
              }
            ],
            "subnets": [
              "subnet-01a5cbe3e50d7700b",
              "subnet-0421e6e20348ba7a5"
            ],
            "tags": null,
            "tags_all": {},
            "timeouts": null,
            "vpc_id": "vpc-01820f5b3ff3967d9",
            "xff_header_processing_mode": "append",
            "zone_id": "Z215JYRZR1TBD5"
          },
          "sensitive_attributes": [],
          "private": "eyJlMmJmYjczMC1lY2FhLTExZTYtOGY4OC0zNDM2M2JjN2M0YzAiOnsiY3JlYXRlIjo2MDAwMDAwMDAwMDAsImRlbGV0ZSI6NjAwMDAwMDAwMDAwLCJ1cGRhdGUiOjYwMDAwMDAwMDAwMH19",
          "dependencies": [
            "aws_default_subnet.default_subnet_a",
            "aws_default_subnet.default_subnet_b",
            "aws_security_group.lb_security_group"
          ]
        }
      ]
    },
    {
      "mode": "managed",
      "type": "aws_default_subnet",
      "name": "default_subnet_a",
      "provider": "provider[\"registry.terraform.io/hashicorp/aws\"]",
      "instances": [
        {
          "schema_version": 1,
          "attributes": {
            "arn": "arn:aws:ec2:eu-central-1:654654510727:subnet/subnet-0421e6e20348ba7a5",
            "assign_ipv6_address_on_creation": false,
            "availability_zone": "eu-central-1a",
            "availability_zone_id": "euc1-az2",
            "cidr_block": "172.31.16.0/20",
            "customer_owned_ipv4_pool": "",
            "enable_dns64": false,
            "enable_lni_at_device_index": 0,
            "enable_resource_name_dns_a_record_on_launch": false,
            "enable_resource_name_dns_aaaa_record_on_launch": false,
            "existing_default_subnet": true,
            "force_destroy": false,
            "id": "subnet-0421e6e20348ba7a5",
            "ipv6_cidr_block": "",
            "ipv6_cidr_block_association_id": "",
            "ipv6_native": false,
            "map_customer_owned_ip_on_launch": false,
            "map_public_ip_on_launch": true,
            "outpost_arn": "",
            "owner_id": "654654510727",
            "private_dns_hostname_type_on_launch": "ip-name",
            "tags": null,
            "tags_all": {},
            "timeouts": null,
            "vpc_id": "vpc-01820f5b3ff3967d9"
          },
          "sensitive_attributes": [],
          "private": "eyJlMmJmYjczMC1lY2FhLTExZTYtOGY4OC0zNDM2M2JjN2M0YzAiOnsiY3JlYXRlIjo2MDAwMDAwMDAwMDAsImRlbGV0ZSI6MTIwMDAwMDAwMDAwMH0sInNjaGVtYV92ZXJzaW9uIjoiMSJ9"
        }
      ]
    },
    {
      "mode": "managed",
      "type": "aws_default_subnet",
      "name": "default_subnet_b",
      "provider": "provider[\"registry.terraform.io/hashicorp/aws\"]",
      "instances": [
        {
          "schema_version": 1,
          "attributes": {
            "arn": "arn:aws:ec2:eu-central-1:654654510727:subnet/subnet-01a5cbe3e50d7700b",
            "assign_ipv6_address_on_creation": false,
            "availability_zone": "eu-central-1b",
            "availability_zone_id": "euc1-az3",
            "cidr_block": "172.31.32.0/20",
            "customer_owned_ipv4_pool": "",
            "enable_dns64": false,
            "enable_lni_at_device_index": 0,
            "enable_resource_name_dns_a_record_on_launch": false,
            "enable_resource_name_dns_aaaa_record_on_launch": false,
            "existing_default_subnet": true,
            "force_destroy": false,
            "id": "subnet-01a5cbe3e50d7700b",
            "ipv6_cidr_block": "",
            "ipv6_cidr_block_association_id": "",
            "ipv6_native": false,
            "map_customer_owned_ip_on_launch": false,
            "map_public_ip_on_launch": true,
            "outpost_arn": "",
            "owner_id": "654654510727",
            "private_dns_hostname_type_on_launch": "ip-name",
            "tags": null,
            "tags_all": {},
            "timeouts": null,
            "vpc_id": "vpc-01820f5b3ff3967d9"
          },
          "sensitive_attributes": [],
          "private": "eyJlMmJmYjczMC1lY2FhLTExZTYtOGY4OC0zNDM2M2JjN2M0YzAiOnsiY3JlYXRlIjo2MDAwMDAwMDAwMDAsImRlbGV0ZSI6MTIwMDAwMDAwMDAwMH0sInNjaGVtYV92ZXJzaW9uIjoiMSJ9"
        }
      ]
    },
    {
      "mode": "managed",
      "type": "aws_default_vpc",
      "name": "default_vpc",
      "provider": "provider[\"registry.terraform.io/hashicorp/aws\"]",
      "instances": [
        {
          "schema_version": 1,
          "attributes": {
            "arn": "arn:aws:ec2:eu-central-1:654654510727:vpc/vpc-01820f5b3ff3967d9",
            "assign_generated_ipv6_cidr_block": false,
            "cidr_block": "172.31.0.0/16",
            "default_network_acl_id": "acl-0cd4185d5111e0fb1",
            "default_route_table_id": "rtb-0553fadd8f25188d7",
            "default_security_group_id": "sg-057d1f21f3d22ca71",
            "dhcp_options_id": "dopt-05fd172afa0263cf5",
            "enable_dns_hostnames": true,
            "enable_dns_support": true,
            "enable_network_address_usage_metrics": false,
            "existing_default_vpc": true,
            "force_destroy": false,
            "id": "vpc-01820f5b3ff3967d9",
            "instance_tenancy": "default",
            "ipv6_association_id": "",
            "ipv6_cidr_block": "",
            "ipv6_cidr_block_network_border_group": "",
            "ipv6_ipam_pool_id": "",
            "ipv6_netmask_length": 0,
            "main_route_table_id": "rtb-0553fadd8f25188d7",
            "owner_id": "654654510727",
            "tags": null,
            "tags_all": {}
          },
          "sensitive_attributes": [],
          "private": "eyJzY2hlbWFfdmVyc2lvbiI6IjEifQ=="
        }
      ]
    },
    {
      "mode": "managed",
      "type": "aws_ecr_lifecycle_policy",
      "name": "lifecycle_policy",
      "provider": "provider[\"registry.terraform.io/hashicorp/aws\"]",
      "instances": [
        {
          "schema_version": 0,
          "attributes": {
            "id": "greenfield-project",
            "policy": "{\"rules\":[{\"action\":{\"type\":\"expire\"},\"description\":\"Keep only the last 15 untagged images.\",\"rulePriority\":1,\"selection\":{\"countNumber\":15,\"countType\":\"imageCountMoreThan\",\"tagStatus\":\"untagged\"}}]}",
            "registry_id": "654654510727",
            "repository": "greenfield-project"
          },
          "sensitive_attributes": [],
          "private": "bnVsbA==",
          "dependencies": [
            "aws_ecr_repository.greenfield_project"
          ]
        }
      ]
    },
    {
      "mode": "managed",
      "type": "aws_ecr_repository",
      "name": "greenfield_project",
      "provider": "provider[\"registry.terraform.io/hashicorp/aws\"]",
      "instances": [
        {
          "schema_version": 0,
          "attributes": {
            "arn": "arn:aws:ecr:eu-central-1:654654510727:repository/greenfield-project",
            "encryption_configuration": [
              {
                "encryption_type": "AES256",
                "kms_key": ""
              }
            ],
            "force_delete": null,
            "id": "greenfield-project",
            "image_scanning_configuration": [
              {
                "scan_on_push": true
              }
            ],
            "image_tag_mutability": "MUTABLE",
            "name": "greenfield-project",
            "registry_id": "654654510727",
            "repository_url": "654654510727.dkr.ecr.eu-central-1.amazonaws.com/greenfield-project",
            "tags": null,
            "tags_all": {},
            "timeouts": null
          },
          "sensitive_attributes": [],
          "private": "eyJlMmJmYjczMC1lY2FhLTExZTYtOGY4OC0zNDM2M2JjN2M0YzAiOnsiZGVsZXRlIjoxMjAwMDAwMDAwMDAwfX0="
        }
      ]
    },
    {
      "mode": "managed",
      "type": "aws_ecs_cluster",
      "name": "greenfield_project_cluster",
      "provider": "provider[\"registry.terraform.io/hashicorp/aws\"]",
      "instances": [
        {
          "schema_version": 0,
          "attributes": {
            "arn": "arn:aws:ecs:eu-central-1:654654510727:cluster/greenfield_project_cluster",
            "configuration": [],
            "id": "arn:aws:ecs:eu-central-1:654654510727:cluster/greenfield_project_cluster",
            "name": "greenfield_project_cluster",
            "service_connect_defaults": [],
            "setting": [
              {
                "name": "containerInsights",
                "value": "enabled"
              }
            ],
            "tags": null,
            "tags_all": {}
          },
          "sensitive_attributes": [],
          "private": "bnVsbA=="
        }
      ]
    },
    {
      "mode": "managed",
      "type": "aws_ecs_service",
      "name": "greenfield_project_app_service",
      "provider": "provider[\"registry.terraform.io/hashicorp/aws\"]",
      "instances": [
        {
          "schema_version": 1,
          "attributes": {
            "alarms": [],
            "capacity_provider_strategy": [],
            "cluster": "arn:aws:ecs:eu-central-1:654654510727:cluster/greenfield_project_cluster",
            "deployment_circuit_breaker": [
              {
                "enable": false,
                "rollback": false
              }
            ],
            "deployment_controller": [
              {
                "type": "ECS"
              }
            ],
            "deployment_maximum_percent": 200,
            "deployment_minimum_healthy_percent": 100,
            "desired_count": 3,
            "enable_ecs_managed_tags": false,
            "enable_execute_command": false,
            "force_new_deployment": null,
            "health_check_grace_period_seconds": 0,
            "iam_role": "/aws-service-role/ecs.amazonaws.com/AWSServiceRoleForECS",
            "id": "arn:aws:ecs:eu-central-1:654654510727:service/greenfield_project_cluster/greenfield-project-app-service",
            "launch_type": "FARGATE",
            "load_balancer": [
              {
                "container_name": "greenfield-project-task",
                "container_port": 8080,
                "elb_name": "",
                "target_group_arn": "arn:aws:elasticloadbalancing:eu-central-1:654654510727:targetgroup/target-group-app/3e71c319fb85e604"
              }
            ],
            "name": "greenfield-project-app-service",
            "network_configuration": [
              {
                "assign_public_ip": true,
                "security_groups": [
                  "sg-0622a61b4a4173db8"
                ],
                "subnets": [
                  "subnet-01a5cbe3e50d7700b",
                  "subnet-0421e6e20348ba7a5"
                ]
              }
            ],
            "ordered_placement_strategy": [],
            "placement_constraints": [],
            "platform_version": "LATEST",
            "propagate_tags": "NONE",
            "scheduling_strategy": "REPLICA",
            "service_connect_configuration": [],
            "service_registries": [],
            "tags": null,
            "tags_all": {},
            "task_definition": "arn:aws:ecs:eu-central-1:654654510727:task-definition/greenfield-project-task:9",
            "timeouts": null,
            "triggers": {},
            "volume_configuration": [],
            "wait_for_steady_state": false
          },
          "sensitive_attributes": [],
          "private": "eyJlMmJmYjczMC1lY2FhLTExZTYtOGY4OC0zNDM2M2JjN2M0YzAiOnsiY3JlYXRlIjoxMjAwMDAwMDAwMDAwLCJkZWxldGUiOjEyMDAwMDAwMDAwMDAsInVwZGF0ZSI6MTIwMDAwMDAwMDAwMH0sInNjaGVtYV92ZXJzaW9uIjoiMSJ9",
          "dependencies": [
            "aws_default_subnet.default_subnet_a",
            "aws_default_subnet.default_subnet_b",
            "aws_default_vpc.default_vpc",
            "aws_ecr_repository.greenfield_project",
            "aws_ecs_cluster.greenfield_project_cluster",
            "aws_ecs_task_definition.greenfield_project_task",
            "aws_iam_role.ecsTaskExecution",
            "aws_lb_target_group.target_group_app",
            "aws_security_group.lb_security_group",
            "data.aws_iam_policy_document.assume_role_policy"
          ]
        }
      ]
    },
    {
      "mode": "managed",
      "type": "aws_ecs_task_definition",
      "name": "greenfield_project_task",
      "provider": "provider[\"registry.terraform.io/hashicorp/aws\"]",
      "instances": [
        {
          "schema_version": 1,
          "attributes": {
            "arn": "arn:aws:ecs:eu-central-1:654654510727:task-definition/greenfield-project-task:9",
            "arn_without_revision": "arn:aws:ecs:eu-central-1:654654510727:task-definition/greenfield-project-task",
            "container_definitions": "[{\"Command\":null,\"Cpu\":1024,\"CredentialSpecs\":null,\"DependsOn\":null,\"DisableNetworking\":null,\"DnsSearchDomains\":null,\"DnsServers\":null,\"DockerLabels\":null,\"DockerSecurityOptions\":null,\"EntryPoint\":null,\"Environment\":[],\"EnvironmentFiles\":null,\"Essential\":true,\"ExtraHosts\":null,\"FirelensConfiguration\":null,\"HealthCheck\":null,\"Hostname\":null,\"Image\":\"654654510727.dkr.ecr.eu-central-1.amazonaws.com/greenfield-project\",\"Interactive\":null,\"Links\":null,\"LinuxParameters\":null,\"LogConfiguration\":null,\"Memory\":2048,\"MemoryReservation\":null,\"MountPoints\":[],\"Name\":\"greenfield-project-task\",\"PortMappings\":[{\"AppProtocol\":\"\",\"ContainerPort\":8080,\"ContainerPortRange\":null,\"HostPort\":8080,\"Name\":null,\"Protocol\":\"tcp\"}],\"Privileged\":null,\"PseudoTerminal\":null,\"ReadonlyRootFilesystem\":null,\"RepositoryCredentials\":null,\"ResourceRequirements\":null,\"Secrets\":null,\"StartTimeout\":null,\"StopTimeout\":null,\"SystemControls\":[],\"Ulimits\":null,\"User\":null,\"VolumesFrom\":[],\"WorkingDirectory\":null}]\n",
            "cpu": "1024",
            "ephemeral_storage": [],
            "execution_role_arn": "arn:aws:iam::654654510727:role/ecsTaskExecution",
            "family": "greenfield-project-task",
            "id": "greenfield-project-task",
            "inference_accelerator": [],
            "ipc_mode": "",
            "memory": "2048",
            "network_mode": "awsvpc",
            "pid_mode": "",
            "placement_constraints": [],
            "proxy_configuration": [],
            "requires_compatibilities": [
              "FARGATE"
            ],
            "revision": 9,
            "runtime_platform": [
              {
                "cpu_architecture": "X86_64",
                "operating_system_family": "LINUX"
              }
            ],
            "skip_destroy": false,
            "tags": null,
            "tags_all": {},
            "task_role_arn": "",
            "track_latest": false,
            "volume": []
          },
          "sensitive_attributes": [],
          "private": "eyJzY2hlbWFfdmVyc2lvbiI6IjEifQ==",
          "dependencies": [
            "aws_ecr_repository.greenfield_project",
            "aws_iam_role.ecsTaskExecution",
            "data.aws_iam_policy_document.assume_role_policy"
          ]
        }
      ]
    },
    {
      "mode": "managed",
      "type": "aws_iam_role",
      "name": "ecsTaskExecution",
      "provider": "provider[\"registry.terraform.io/hashicorp/aws\"]",
      "instances": [
        {
          "schema_version": 0,
          "attributes": {
            "arn": "arn:aws:iam::654654510727:role/ecsTaskExecution",
            "assume_role_policy": "{\"Statement\":[{\"Action\":\"sts:AssumeRole\",\"Effect\":\"Allow\",\"Principal\":{\"Service\":\"ecs-tasks.amazonaws.com\"}}],\"Version\":\"2012-10-17\"}",
            "create_date": "2024-07-28T14:50:57Z",
            "description": "",
            "force_detach_policies": false,
            "id": "ecsTaskExecution",
            "inline_policy": [],
            "managed_policy_arns": [],
            "max_session_duration": 3600,
            "name": "ecsTaskExecution",
            "name_prefix": "",
            "path": "/",
            "permissions_boundary": "",
            "tags": null,
            "tags_all": {},
            "unique_id": "AROAZQ3DTC2D34THS33KE"
          },
          "sensitive_attributes": [],
          "private": "bnVsbA==",
          "dependencies": [
            "data.aws_iam_policy_document.assume_role_policy"
          ]
        }
      ]
    },
    {
      "mode": "managed",
      "type": "aws_iam_role_policy_attachment",
      "name": "ecsTaskExecutionRole_policy",
      "provider": "provider[\"registry.terraform.io/hashicorp/aws\"]",
      "instances": [
        {
          "schema_version": 0,
          "attributes": {
            "id": "ecsTaskExecution-20240728145103267900000002",
            "policy_arn": "arn:aws:iam::aws:policy/service-role/AmazonECSTaskExecutionRolePolicy",
            "role": "ecsTaskExecution"
          },
          "sensitive_attributes": [],
          "private": "bnVsbA==",
          "dependencies": [
            "aws_iam_role.ecsTaskExecution",
            "data.aws_iam_policy_document.assume_role_policy"
          ]
        }
      ]
    },
    {
      "mode": "managed",
      "type": "aws_lb_listener",
      "name": "listener",
      "provider": "provider[\"registry.terraform.io/hashicorp/aws\"]",
      "instances": [
        {
          "schema_version": 0,
          "attributes": {
            "alpn_policy": null,
            "arn": "arn:aws:elasticloadbalancing:eu-central-1:654654510727:listener/app/greenfield-project-load-balancer/ea302f43189322c0/9708e8b520b08f34",
            "certificate_arn": null,
            "default_action": [
              {
                "authenticate_cognito": [],
                "authenticate_oidc": [],
                "fixed_response": [],
                "forward": [],
                "order": 1,
                "redirect": [],
                "target_group_arn": "arn:aws:elasticloadbalancing:eu-central-1:654654510727:targetgroup/target-group-app/3e71c319fb85e604",
                "type": "forward"
              }
            ],
            "id": "arn:aws:elasticloadbalancing:eu-central-1:654654510727:listener/app/greenfield-project-load-balancer/ea302f43189322c0/9708e8b520b08f34",
            "load_balancer_arn": "arn:aws:elasticloadbalancing:eu-central-1:654654510727:loadbalancer/app/greenfield-project-load-balancer/ea302f43189322c0",
            "mutual_authentication": [],
            "port": 80,
            "protocol": "HTTP",
            "ssl_policy": "",
            "tags": null,
            "tags_all": {},
            "timeouts": null
          },
          "sensitive_attributes": [],
          "private": "eyJlMmJmYjczMC1lY2FhLTExZTYtOGY4OC0zNDM2M2JjN2M0YzAiOnsiY3JlYXRlIjozMDAwMDAwMDAwMDAsInVwZGF0ZSI6MzAwMDAwMDAwMDAwfX0=",
          "dependencies": [
            "aws_alb.greenfield_project_load_balancer",
            "aws_default_subnet.default_subnet_a",
            "aws_default_subnet.default_subnet_b",
            "aws_default_vpc.default_vpc",
            "aws_lb_target_group.target_group_app",
            "aws_security_group.lb_security_group"
          ]
        }
      ]
    },
    {
      "mode": "managed",
      "type": "aws_lb_target_group",
      "name": "target_group_app",
      "provider": "provider[\"registry.terraform.io/hashicorp/aws\"]",
      "instances": [
        {
          "schema_version": 0,
          "attributes": {
            "arn": "arn:aws:elasticloadbalancing:eu-central-1:654654510727:targetgroup/target-group-app/3e71c319fb85e604",
            "arn_suffix": "targetgroup/target-group-app/3e71c319fb85e604",
            "connection_termination": null,
            "deregistration_delay": "300",
            "health_check": [
              {
                "enabled": true,
                "healthy_threshold": 5,
                "interval": 30,
                "matcher": "200",
                "path": "/",
                "port": "traffic-port",
                "protocol": "HTTP",
                "timeout": 5,
                "unhealthy_threshold": 2
              }
            ],
            "id": "arn:aws:elasticloadbalancing:eu-central-1:654654510727:targetgroup/target-group-app/3e71c319fb85e604",
            "ip_address_type": "ipv4",
            "lambda_multi_value_headers_enabled": false,
            "load_balancer_arns": [],
            "load_balancing_algorithm_type": "round_robin",
            "load_balancing_anomaly_mitigation": "off",
            "load_balancing_cross_zone_enabled": "use_load_balancer_configuration",
            "name": "target-group-app",
            "name_prefix": "",
            "port": 8080,
            "preserve_client_ip": null,
            "protocol": "HTTP",
            "protocol_version": "HTTP1",
            "proxy_protocol_v2": false,
            "slow_start": 0,
            "stickiness": [
              {
                "cookie_duration": 86400,
                "cookie_name": "",
                "enabled": false,
                "type": "lb_cookie"
              }
            ],
            "tags": null,
            "tags_all": {},
            "target_failover": [
              {
                "on_deregistration": null,
                "on_unhealthy": null
              }
            ],
            "target_group_health": [
              {
                "dns_failover": [
                  {
                    "minimum_healthy_targets_count": "1",
                    "minimum_healthy_targets_percentage": "off"
                  }
                ],
                "unhealthy_state_routing": [
                  {
                    "minimum_healthy_targets_count": 1,
                    "minimum_healthy_targets_percentage": "off"
                  }
                ]
              }
            ],
            "target_health_state": [
              {
                "enable_unhealthy_connection_termination": null
              }
            ],
            "target_type": "ip",
            "vpc_id": "vpc-01820f5b3ff3967d9"
          },
          "sensitive_attributes": [],
          "private": "bnVsbA==",
          "dependencies": [
            "aws_default_vpc.default_vpc"
          ]
        }
      ]
    },
    {
      "mode": "managed",
      "type": "aws_security_group",
      "name": "lb_security_group",
      "provider": "provider[\"registry.terraform.io/hashicorp/aws\"]",
      "instances": [
        {
          "schema_version": 1,
          "attributes": {
            "arn": "arn:aws:ec2:eu-central-1:654654510727:security-group/sg-0622a61b4a4173db8",
            "description": "Managed by Terraform",
            "egress": [
              {
                "cidr_blocks": [
                  "0.0.0.0/0"
                ],
                "description": "",
                "from_port": 0,
                "ipv6_cidr_blocks": [],
                "prefix_list_ids": [],
                "protocol": "-1",
                "security_groups": [],
                "self": false,
                "to_port": 0
              }
            ],
            "id": "sg-0622a61b4a4173db8",
            "ingress": [
              {
                "cidr_blocks": [
                  "0.0.0.0/0"
                ],
                "description": "",
                "from_port": 80,
                "ipv6_cidr_blocks": [],
                "prefix_list_ids": [],
                "protocol": "tcp",
                "security_groups": [],
                "self": false,
                "to_port": 80
              }
            ],
            "name": "terraform-20240728145102190700000001",
            "name_prefix": "terraform-",
            "owner_id": "654654510727",
            "revoke_rules_on_delete": false,
            "tags": null,
            "tags_all": {},
            "timeouts": null,
            "vpc_id": "vpc-01820f5b3ff3967d9"
          },
          "sensitive_attributes": [],
          "private": "eyJlMmJmYjczMC1lY2FhLTExZTYtOGY4OC0zNDM2M2JjN2M0YzAiOnsiY3JlYXRlIjo2MDAwMDAwMDAwMDAsImRlbGV0ZSI6OTAwMDAwMDAwMDAwfSwic2NoZW1hX3ZlcnNpb24iOiIxIn0="
        }
      ]
    },
    {
      "mode": "managed",
      "type": "aws_security_group",
      "name": "service_security_group",
      "provider": "provider[\"registry.terraform.io/hashicorp/aws\"]",
      "instances": [
        {
          "schema_version": 1,
          "attributes": {
            "arn": "arn:aws:ec2:eu-central-1:654654510727:security-group/sg-0c0b862fd22d25c3c",
            "description": "Managed by Terraform",
            "egress": [
              {
                "cidr_blocks": [
                  "0.0.0.0/0"
                ],
                "description": "",
                "from_port": 0,
                "ipv6_cidr_blocks": [],
                "prefix_list_ids": [],
                "protocol": "-1",
                "security_groups": [],
                "self": false,
                "to_port": 0
              }
            ],
            "id": "sg-0c0b862fd22d25c3c",
            "ingress": [
              {
                "cidr_blocks": [],
                "description": "",
                "from_port": 0,
                "ipv6_cidr_blocks": [],
                "prefix_list_ids": [],
                "protocol": "-1",
                "security_groups": [
                  "sg-0622a61b4a4173db8"
                ],
                "self": false,
                "to_port": 0
              }
            ],
            "name": "terraform-20240728145104502600000003",
            "name_prefix": "terraform-",
            "owner_id": "654654510727",
            "revoke_rules_on_delete": false,
            "tags": null,
            "tags_all": {},
            "timeouts": null,
            "vpc_id": "vpc-01820f5b3ff3967d9"
          },
          "sensitive_attributes": [],
          "private": "eyJlMmJmYjczMC1lY2FhLTExZTYtOGY4OC0zNDM2M2JjN2M0YzAiOnsiY3JlYXRlIjo2MDAwMDAwMDAwMDAsImRlbGV0ZSI6OTAwMDAwMDAwMDAwfSwic2NoZW1hX3ZlcnNpb24iOiIxIn0=",
          "dependencies": [
            "aws_security_group.lb_security_group"
          ]
        }
      ]
    },
    {
      "mode": "managed",
      "type": "docker_image",
      "name": "greenfield_project_image",
      "provider": "provider[\"registry.terraform.io/kreuzwerker/docker\"]",
      "instances": [
        {
          "schema_version": 0,
          "attributes": {
            "build": [
              {
                "auth_config": [],
                "build_arg": null,
                "build_args": null,
                "build_id": "",
                "cache_from": [],
                "cgroup_parent": "",
                "context": "../greenfield-project-java/",
                "cpu_period": null,
                "cpu_quota": null,
                "cpu_set_cpus": "",
                "cpu_set_mems": "",
                "cpu_shares": null,
                "dockerfile": "Dockerfile",
                "extra_hosts": [],
                "force_remove": null,
                "isolation": "",
                "label": null,
                "labels": null,
                "memory": null,
                "memory_swap": null,
                "network_mode": "",
                "no_cache": null,
                "platform": "",
                "pull_parent": null,
                "remote_context": "",
                "remove": true,
                "security_opt": [],
                "session_id": "",
                "shm_size": null,
                "squash": null,
                "suppress_output": null,
                "tag": [],
                "target": "",
                "ulimit": [],
                "version": ""
              }
            ],
            "force_remove": null,
            "id": "sha256:96c66d4cb6c66fff0086f4954eca1b57eb82e7c69197c164d4fd431b353d36de654654510727.dkr.ecr.eu-central-1.amazonaws.com/greenfield-project:latest",
            "image_id": "sha256:96c66d4cb6c66fff0086f4954eca1b57eb82e7c69197c164d4fd431b353d36de",
            "keep_locally": null,
            "name": "654654510727.dkr.ecr.eu-central-1.amazonaws.com/greenfield-project:latest",
            "platform": null,
            "pull_triggers": null,
            "repo_digest": "",
            "triggers": null
          },
          "sensitive_attributes": [],
          "private": "bnVsbA==",
          "dependencies": [
            "data.aws_ecr_authorization_token.auth_token_ecr"
          ]
        }
      ]
    },
    {
      "mode": "managed",
      "type": "docker_registry_image",
      "name": "push_docker_image",
      "provider": "provider[\"registry.terraform.io/kreuzwerker/docker\"]",
      "instances": [
        {
          "schema_version": 0,
          "attributes": {
            "id": "sha256:ecf4d62597fcfeb8d72248d908d52ef0645216211619c4d2c4cc3bcb478c5ff5",
            "insecure_skip_verify": false,
            "keep_remotely": false,
            "name": "654654510727.dkr.ecr.eu-central-1.amazonaws.com/greenfield-project:latest",
            "sha256_digest": "sha256:ecf4d62597fcfeb8d72248d908d52ef0645216211619c4d2c4cc3bcb478c5ff5",
            "triggers": null
          },
          "sensitive_attributes": [],
          "private": "bnVsbA==",
          "dependencies": [
            "data.aws_ecr_authorization_token.auth_token_ecr",
            "docker_image.greenfield_project_image"
          ]
        }
      ]
    }
  ],
  "check_results": null
}
