{
  "version": 4,
  "terraform_version": "1.7.5",
  "serial": 139,
  "lineage": "2e558d50-c231-e052-53dc-519f6503be61",
  "outputs": {
    "app_url": {
      "value": "greenfield-project-load-balancer-991241019.eu-central-1.elb.amazonaws.com",
      "type": "string"
    }
  },
  "resources": [
    {
      "mode": "data",
      "type": "aws_ecr_authorization_token",
      "name": "auth_token_ecr",
      "provider": "provider[\"registry.terraform.io/hashicorp/aws\"]",
      "instances": [
        {
          "schema_version": 0,
          "attributes": {
            "authorization_token": "QVdTOmV5SndZWGxzYjJGa0lqb2lVRzlYWTFkSmFqRm9VRFYwU3pWQk9ETmhSSG80TTFGUFVuQm5aVk5FVjNScVlWSnJVVTlGV25aTFUwczBaVkZvYldoSGVDOTRSRmx5U213M09HOTJRa0o2YmtFNWNtZFdUakl6U2l0aFRIY3dWR1Z1TW1zeE9VVTBlQzlxYzNaRGVucG9XR05NYVRGS1ZDdE9TVUYyYTBFMlJFZEZNWFppZUdsVFNHczJRMFYzT0dJMGR6bFNWMUZYZUhOc1Z6SjVSbU5UT0RaVU1VdzFhbmxsVTNWRU1YRkNWRlpOTkNzMU9WVlljRkVyVTJJclJqaFlLMkpaTVd0blprbHhLM0IxTldOUVYyRmplRzlvWmxCUmFGcHlZek4xTTNsNk9IWnVZMHRZVjJob2MyRlZOWEp4UzFKR2FFUlBiRWRuWjFkd2VrSTRjbEoyUlZvMWVUWm9Xbmd6T1VwM1drVXdPV3g1VG1wUFpFOUhTbE5WVjJWV2RIb3djbFJCWkcxV2FtVm5URTFMY3psamFqaFRPR2RoYTNOeE9XWkJTR3Q0YURoak9HRllTbXBxT1djeGR6UllhRlZyVDFSU1YxcE9VRUpCVjJGcmFscENOSGxuU2tWakwydEtaWFJTUjI1UVNtOTFTVk5CUkRKcFRHdDBXbHBpYkhNeVpHWklVbE12U2pNMmF6VkdRVVZUYzJZeFlXSklRVmhsV20xdWEybzBaMmszZWpOWmNWbzVaRlJ0VTA5R1lsbFRaSElyUVZKWGIwTjNWa3RDWlROa1kweFFWRFJhTmpScFJVdHlTQzlhYXl0bmNIWnpVMlUyVkhWWlEyTlpjaTgxVkROWVlrSjVPV28yU2pVM2R6ZElUamRsTm5vMlUyZEljVTE2TkRKWlVXdEZNSHAyU214MlYwZGxWbWRyY1dwV2QwWlFZeXRrVmpCQ2JreDVWemhXYURWWGRHY3JUM1ZPUkhkbk9HbEJXbFowUVdoUE9FSjVjVzV3UkZWYWFEQnZaekY1U0dwR00ycGtVa28zVkd4YVExWXhLMWhsTW05RVpFMUNZMHREYjA1dFpHUkVZVm95Y0RNeFFYcDNNV1ZaVUZWMVdtaE1iWGRaTW5kTGFXaENWV3RwU1U5UFFtOXlObFJSTHpGVFlUWmxhMHBRTnpoM2VXWlVhVWs0WnpkalowdHNkemRIU0dkb01HWnhXbWRMY2psYVFqRkVWR05oU2xveGNuSlZUVXhuVXpGWFlWSkRWQ3QwT0dwYU9UbDZTWEZIYTJSc1YweERLMEV6ZVhZek1IZ3JkWGQyZVRsTFFWVlBSVFZsYWtWUU4wcG5LMHBwVWpscVpWaHpVVWMxVUdrdlRUUkNiMVJOZG1aV2EzSXZVMHhoUkZNME5HMUdNMnRVWWpsdlRIWkVkbEp5VEVkR1VuRk9XV0p1YjFSTmRTOXNiMnA0YWtoSGFFZHRXVmN3VG5GeFJFczVOMGt6WjNCdGJYbGxaMlYwU2xCVlFVZEZkMk5FU2xFdmQza3ZhblZxTHl0dk1YRnhkM3AxUVRsdU9FdHZhamR4U0ZORFFsZ3JjMEptTldGMlFqZ3JkRlJ1VWtVNFlXeFZhVU5EVDNNMVRYaHVkWEJ3Vmk5Q2NWUmpjMFpYU3pONlNWcEdXazlQY1dGUVJsTmFXVmR6UVVwelJFVmlORlptU1dadkswUmFhaTlHZG5kTU1UZEllVmszU3poRFdHbEVPRGgzUkc1T1lubDBURU4wTDBwdFozTjJVbVV5TWtkbGVIRmxPRXhZSzBoamQyaDBNMDlSUVRRMGNYQjFTSFkwU1hneVZXeDJRWHBOVjFWS01rTkRNbFUwV0ZKdFdHVXZURUp6UFNJc0ltUmhkR0ZyWlhraU9pSkJVVVZDUVVob00zcFpUMlIwY0VKQ1UxWjNMMWt5WVc0NFFsaEpSRFJyZDB4UlptNXZWR28xZW5kYWRFZEtXbTlhVVVGQlFVZzBkMlpCV1VwTGIxcEphSFpqVGtGUlkwZHZSemgzWWxGSlFrRkVRbTlDWjJ0eGFHdHBSemwzTUVKQ2QwVjNTR2RaU2xsSldrbEJWMVZFUWtGRmRVMUNSVVZFUjFNcmVIUTBjM0o2YjI0MFdXRnhObWRKUWtWSlFUZG9jVk4zZFU5NWFVNXJkakpFUVRCVk0zZHRkWG9yYW5GTmRHTTFhM2xWVWxCNFNUWkJaV0pQYWtSeFNpOXNiRTk0TDFRMlpDdGxWMDVNTm1ZMWRXOXlVM05vTUhoV1RtbzFSM0ZyUkRKM1BTSXNJblpsY25OcGIyNGlPaUl5SWl3aWRIbHdaU0k2SWtSQlZFRmZTMFZaSWl3aVpYaHdhWEpoZEdsdmJpSTZNVGN5TVRrNE1qa3dOSDA9",
            "expires_at": "2024-07-26T08:35:04Z",
            "id": "eu-central-1",
            "password": "eyJwYXlsb2FkIjoiUG9XY1dJajFoUDV0SzVBODNhRHo4M1FPUnBnZVNEV3RqYVJrUU9FWnZLU0s0ZVFobWhHeC94RFlySmw3OG92QkJ6bkE5cmdWTjIzSithTHcwVGVuMmsxOUU0eC9qc3ZDenpoWGNMaTFKVCtOSUF2a0E2REdFMXZieGlTSGs2Q0V3OGI0dzlSV1FXeHNsVzJ5RmNTODZUMUw1anllU3VEMXFCVFZNNCs1OVVYcFErU2IrRjhYK2JZMWtnZklxK3B1NWNQV2FjeG9oZlBRaFpyYzN1M3l6OHZuY0tYV2hoc2FVNXJxS1JGaERPbEdnZ1dwekI4clJ2RVo1eTZoWngzOUp3WkUwOWx5TmpPZE9HSlNVV2VWdHowclRBZG1WamVnTE1LczljajhTOGdha3NxOWZBSGt4aDhjOGFYSmpqOWcxdzRYaFVrT1RSV1pOUEJBV2FralpCNHlnSkVjL2tKZXRSR25QSm91SVNBRDJpTGt0WlpibHMyZGZIUlMvSjM2azVGQUVTc2YxYWJIQVhlWm1ua2o0Z2k3ejNZcVo5ZFRtU09GYllTZHIrQVJXb0N3VktCZTNkY0xQVDRaNjRpRUtySC9aaytncHZzU2U2VHVZQ2NZci81VDNYYkJ5OWo2SjU3dzdITjdlNno2U2dIcU16NDJZUWtFMHp2Smx2V0dlVmdrcWpWd0ZQYytkVjBCbkx5VzhWaDVXdGcrT3VORHdnOGlBWlZ0QWhPOEJ5cW5wRFVaaDBvZzF5SGpGM2pkUko3VGxaQ1YxK1hlMm9EZE1CY0tDb05tZGREYVoycDMxQXp3MWVZUFV1WmhMbXdZMndLaWhCVWtpSU9PQm9yNlRRLzFTYTZla0pQNzh3eWZUaUk4ZzdjZ0tsdzdHSGdoMGZxWmdLcjlaQjFEVGNhSloxcnJVTUxnUzFXYVJDVCt0OGpaOTl6SXFHa2RsV0xDK0EzeXYzMHgrdXd2eTlLQVVPRTVlakVQN0pnK0ppUjlqZVhzUUc1UGkvTTRCb1RNdmZWa3IvU0xhRFM0NG1GM2tUYjlvTHZEdlJyTEdGUnFOWWJub1RNdS9sb2p4akhHaEdtWVcwTnFxREs5N0kzZ3BtbXllZ2V0SlBVQUdFd2NESlEvd3kvanVqLytvMXFxd3p1QTluOEtvajdxSFNDQlgrc0JmNWF2QjgrdFRuUkU4YWxVaUNDT3M1TXhudXBwVi9CcVRjc0ZXSzN6SVpGWk9PcWFQRlNaWVdzQUpzREViNFZmSWZvK0Raai9GdndMMTdIeVk3SzhDWGlEODh3RG5OYnl0TEN0L0ptZ3N2UmUyMkdleHFlOExYK0hjd2h0M09RQTQ0cXB1SHY0SXgyVWx2QXpNV1VKMkNDMlU0WFJtWGUvTEJzPSIsImRhdGFrZXkiOiJBUUVCQUhoM3pZT2R0cEJCU1Z3L1kyYW44QlhJRDRrd0xRZm5vVGo1endadEdKWm9aUUFBQUg0d2ZBWUpLb1pJaHZjTkFRY0dvRzh3YlFJQkFEQm9CZ2txaGtpRzl3MEJCd0V3SGdZSllJWklBV1VEQkFFdU1CRUVER1MreHQ0c3J6b240WWFxNmdJQkVJQTdocVN3dU95aU5rdjJEQTBVM3dtdXoranFNdGM1a3lVUlB4STZBZWJPakRxSi9sbE94L1Q2ZCtlV05MNmY1dW9yU3NoMHhWTmo1R3FrRDJ3PSIsInZlcnNpb24iOiIyIiwidHlwZSI6IkRBVEFfS0VZIiwiZXhwaXJhdGlvbiI6MTcyMTk4MjkwNH0=",
            "proxy_endpoint": "https://654654510727.dkr.ecr.eu-central-1.amazonaws.com",
            "registry_id": null,
            "user_name": "AWS"
          },
          "sensitive_attributes": []
        }
      ]
    },
    {
      "mode": "data",
      "type": "aws_iam_policy_document",
      "name": "assume_role_policy",
      "provider": "provider[\"registry.terraform.io/hashicorp/aws\"]",
      "instances": [
        {
          "schema_version": 0,
          "attributes": {
            "id": "1077804475",
            "json": "{\n  \"Version\": \"2012-10-17\",\n  \"Statement\": [\n    {\n      \"Effect\": \"Allow\",\n      \"Action\": \"sts:AssumeRole\",\n      \"Principal\": {\n        \"Service\": \"ecs-tasks.amazonaws.com\"\n      }\n    }\n  ]\n}",
            "minified_json": "{\"Version\":\"2012-10-17\",\"Statement\":[{\"Effect\":\"Allow\",\"Action\":\"sts:AssumeRole\",\"Principal\":{\"Service\":\"ecs-tasks.amazonaws.com\"}}]}",
            "override_json": null,
            "override_policy_documents": null,
            "policy_id": null,
            "source_json": null,
            "source_policy_documents": null,
            "statement": [
              {
                "actions": [
                  "sts:AssumeRole"
                ],
                "condition": [],
                "effect": "Allow",
                "not_actions": [],
                "not_principals": [],
                "not_resources": [],
                "principals": [
                  {
                    "identifiers": [
                      "ecs-tasks.amazonaws.com"
                    ],
                    "type": "Service"
                  }
                ],
                "resources": [],
                "sid": ""
              }
            ],
            "version": "2012-10-17"
          },
          "sensitive_attributes": []
        }
      ]
    },
    {
      "mode": "managed",
      "type": "aws_alb",
      "name": "greenfield_project_load_balancer",
      "provider": "provider[\"registry.terraform.io/hashicorp/aws\"]",
      "instances": [
        {
          "schema_version": 0,
          "attributes": {
            "access_logs": [
              {
                "bucket": "",
                "enabled": false,
                "prefix": ""
              }
            ],
            "arn": "arn:aws:elasticloadbalancing:eu-central-1:654654510727:loadbalancer/app/greenfield-project-load-balancer/ec207ca523acbd5b",
            "arn_suffix": "app/greenfield-project-load-balancer/ec207ca523acbd5b",
            "client_keep_alive": 3600,
            "connection_logs": [
              {
                "bucket": "",
                "enabled": false,
                "prefix": ""
              }
            ],
            "customer_owned_ipv4_pool": "",
            "desync_mitigation_mode": "defensive",
            "dns_name": "greenfield-project-load-balancer-991241019.eu-central-1.elb.amazonaws.com",
            "dns_record_client_routing_policy": null,
            "drop_invalid_header_fields": false,
            "enable_cross_zone_load_balancing": true,
            "enable_deletion_protection": false,
            "enable_http2": true,
            "enable_tls_version_and_cipher_suite_headers": false,
            "enable_waf_fail_open": false,
            "enable_xff_client_port": false,
            "enforce_security_group_inbound_rules_on_private_link_traffic": "",
            "id": "arn:aws:elasticloadbalancing:eu-central-1:654654510727:loadbalancer/app/greenfield-project-load-balancer/ec207ca523acbd5b",
            "idle_timeout": 60,
            "internal": false,
            "ip_address_type": "ipv4",
            "load_balancer_type": "application",
            "name": "greenfield-project-load-balancer",
            "name_prefix": "",
            "preserve_host_header": false,
            "security_groups": [
              "sg-0e7265073e44b55f4"
            ],
            "subnet_mapping": [
              {
                "allocation_id": "",
                "ipv6_address": "",
                "outpost_id": "",
                "private_ipv4_address": "",
                "subnet_id": "subnet-01a5cbe3e50d7700b"
              },
              {
                "allocation_id": "",
                "ipv6_address": "",
                "outpost_id": "",
                "private_ipv4_address": "",
                "subnet_id": "subnet-0421e6e20348ba7a5"
              }
            ],
            "subnets": [
              "subnet-01a5cbe3e50d7700b",
              "subnet-0421e6e20348ba7a5"
            ],
            "tags": {},
            "tags_all": {},
            "timeouts": null,
            "vpc_id": "vpc-01820f5b3ff3967d9",
            "xff_header_processing_mode": "append",
            "zone_id": "Z215JYRZR1TBD5"
          },
          "sensitive_attributes": [],
          "private": "eyJlMmJmYjczMC1lY2FhLTExZTYtOGY4OC0zNDM2M2JjN2M0YzAiOnsiY3JlYXRlIjo2MDAwMDAwMDAwMDAsImRlbGV0ZSI6NjAwMDAwMDAwMDAwLCJ1cGRhdGUiOjYwMDAwMDAwMDAwMH19",
          "dependencies": [
            "aws_default_subnet.default_subnet_a",
            "aws_default_subnet.default_subnet_b",
            "aws_security_group.lb_security_group"
          ]
        }
      ]
    },
    {
      "mode": "managed",
      "type": "aws_default_subnet",
      "name": "default_subnet_a",
      "provider": "provider[\"registry.terraform.io/hashicorp/aws\"]",
      "instances": [
        {
          "schema_version": 1,
          "attributes": {
            "arn": "arn:aws:ec2:eu-central-1:654654510727:subnet/subnet-0421e6e20348ba7a5",
            "assign_ipv6_address_on_creation": false,
            "availability_zone": "eu-central-1a",
            "availability_zone_id": "euc1-az2",
            "cidr_block": "172.31.16.0/20",
            "customer_owned_ipv4_pool": "",
            "enable_dns64": false,
            "enable_lni_at_device_index": 0,
            "enable_resource_name_dns_a_record_on_launch": false,
            "enable_resource_name_dns_aaaa_record_on_launch": false,
            "existing_default_subnet": true,
            "force_destroy": false,
            "id": "subnet-0421e6e20348ba7a5",
            "ipv6_cidr_block": "",
            "ipv6_cidr_block_association_id": "",
            "ipv6_native": false,
            "map_customer_owned_ip_on_launch": false,
            "map_public_ip_on_launch": true,
            "outpost_arn": "",
            "owner_id": "654654510727",
            "private_dns_hostname_type_on_launch": "ip-name",
            "tags": {},
            "tags_all": {},
            "timeouts": null,
            "vpc_id": "vpc-01820f5b3ff3967d9"
          },
          "sensitive_attributes": [],
          "private": "eyJlMmJmYjczMC1lY2FhLTExZTYtOGY4OC0zNDM2M2JjN2M0YzAiOnsiY3JlYXRlIjo2MDAwMDAwMDAwMDAsImRlbGV0ZSI6MTIwMDAwMDAwMDAwMH0sInNjaGVtYV92ZXJzaW9uIjoiMSJ9"
        }
      ]
    },
    {
      "mode": "managed",
      "type": "aws_default_subnet",
      "name": "default_subnet_b",
      "provider": "provider[\"registry.terraform.io/hashicorp/aws\"]",
      "instances": [
        {
          "schema_version": 1,
          "attributes": {
            "arn": "arn:aws:ec2:eu-central-1:654654510727:subnet/subnet-01a5cbe3e50d7700b",
            "assign_ipv6_address_on_creation": false,
            "availability_zone": "eu-central-1b",
            "availability_zone_id": "euc1-az3",
            "cidr_block": "172.31.32.0/20",
            "customer_owned_ipv4_pool": "",
            "enable_dns64": false,
            "enable_lni_at_device_index": 0,
            "enable_resource_name_dns_a_record_on_launch": false,
            "enable_resource_name_dns_aaaa_record_on_launch": false,
            "existing_default_subnet": true,
            "force_destroy": false,
            "id": "subnet-01a5cbe3e50d7700b",
            "ipv6_cidr_block": "",
            "ipv6_cidr_block_association_id": "",
            "ipv6_native": false,
            "map_customer_owned_ip_on_launch": false,
            "map_public_ip_on_launch": true,
            "outpost_arn": "",
            "owner_id": "654654510727",
            "private_dns_hostname_type_on_launch": "ip-name",
            "tags": {},
            "tags_all": {},
            "timeouts": null,
            "vpc_id": "vpc-01820f5b3ff3967d9"
          },
          "sensitive_attributes": [],
          "private": "eyJlMmJmYjczMC1lY2FhLTExZTYtOGY4OC0zNDM2M2JjN2M0YzAiOnsiY3JlYXRlIjo2MDAwMDAwMDAwMDAsImRlbGV0ZSI6MTIwMDAwMDAwMDAwMH0sInNjaGVtYV92ZXJzaW9uIjoiMSJ9"
        }
      ]
    },
    {
      "mode": "managed",
      "type": "aws_default_vpc",
      "name": "default_vpc",
      "provider": "provider[\"registry.terraform.io/hashicorp/aws\"]",
      "instances": [
        {
          "schema_version": 1,
          "attributes": {
            "arn": "arn:aws:ec2:eu-central-1:654654510727:vpc/vpc-01820f5b3ff3967d9",
            "assign_generated_ipv6_cidr_block": false,
            "cidr_block": "172.31.0.0/16",
            "default_network_acl_id": "acl-0cd4185d5111e0fb1",
            "default_route_table_id": "rtb-0553fadd8f25188d7",
            "default_security_group_id": "sg-057d1f21f3d22ca71",
            "dhcp_options_id": "dopt-05fd172afa0263cf5",
            "enable_dns_hostnames": true,
            "enable_dns_support": true,
            "enable_network_address_usage_metrics": false,
            "existing_default_vpc": true,
            "force_destroy": false,
            "id": "vpc-01820f5b3ff3967d9",
            "instance_tenancy": "default",
            "ipv6_association_id": "",
            "ipv6_cidr_block": "",
            "ipv6_cidr_block_network_border_group": "",
            "ipv6_ipam_pool_id": "",
            "ipv6_netmask_length": 0,
            "main_route_table_id": "rtb-0553fadd8f25188d7",
            "owner_id": "654654510727",
            "tags": {},
            "tags_all": {}
          },
          "sensitive_attributes": [],
          "private": "eyJzY2hlbWFfdmVyc2lvbiI6IjEifQ=="
        }
      ]
    },
    {
      "mode": "managed",
      "type": "aws_ecr_lifecycle_policy",
      "name": "lifecycle_policy",
      "provider": "provider[\"registry.terraform.io/hashicorp/aws\"]",
      "instances": [
        {
          "schema_version": 0,
          "attributes": {
            "id": "greenfield-project",
            "policy": "{\"rules\":[{\"action\":{\"type\":\"expire\"},\"description\":\"Keep only the last 15 untagged images.\",\"rulePriority\":1,\"selection\":{\"countNumber\":15,\"countType\":\"imageCountMoreThan\",\"tagStatus\":\"untagged\"}}]}",
            "registry_id": "654654510727",
            "repository": "greenfield-project"
          },
          "sensitive_attributes": [],
          "private": "bnVsbA==",
          "dependencies": [
            "aws_ecr_repository.greenfield_project"
          ]
        }
      ]
    },
    {
      "mode": "managed",
      "type": "aws_ecr_repository",
      "name": "greenfield_project",
      "provider": "provider[\"registry.terraform.io/hashicorp/aws\"]",
      "instances": [
        {
          "schema_version": 0,
          "attributes": {
            "arn": "arn:aws:ecr:eu-central-1:654654510727:repository/greenfield-project",
            "encryption_configuration": [
              {
                "encryption_type": "AES256",
                "kms_key": ""
              }
            ],
            "force_delete": null,
            "id": "greenfield-project",
            "image_scanning_configuration": [
              {
                "scan_on_push": true
              }
            ],
            "image_tag_mutability": "MUTABLE",
            "name": "greenfield-project",
            "registry_id": "654654510727",
            "repository_url": "654654510727.dkr.ecr.eu-central-1.amazonaws.com/greenfield-project",
            "tags": {},
            "tags_all": {},
            "timeouts": null
          },
          "sensitive_attributes": [],
          "private": "eyJlMmJmYjczMC1lY2FhLTExZTYtOGY4OC0zNDM2M2JjN2M0YzAiOnsiZGVsZXRlIjoxMjAwMDAwMDAwMDAwfX0="
        }
      ]
    },
    {
      "mode": "managed",
      "type": "aws_ecs_cluster",
      "name": "greenfield_project_cluster",
      "provider": "provider[\"registry.terraform.io/hashicorp/aws\"]",
      "instances": [
        {
          "schema_version": 0,
          "attributes": {
            "arn": "arn:aws:ecs:eu-central-1:654654510727:cluster/greenfield_project_cluster",
            "configuration": [],
            "id": "arn:aws:ecs:eu-central-1:654654510727:cluster/greenfield_project_cluster",
            "name": "greenfield_project_cluster",
            "service_connect_defaults": [],
            "setting": [
              {
                "name": "containerInsights",
                "value": "disabled"
              }
            ],
            "tags": {},
            "tags_all": {}
          },
          "sensitive_attributes": [],
          "private": "bnVsbA=="
        }
      ]
    },
    {
      "mode": "managed",
      "type": "aws_ecs_service",
      "name": "greenfield_project_app_service",
      "provider": "provider[\"registry.terraform.io/hashicorp/aws\"]",
      "instances": [
        {
          "schema_version": 0,
          "attributes": {
            "alarms": [],
            "capacity_provider_strategy": [],
            "cluster": "arn:aws:ecs:eu-central-1:654654510727:cluster/greenfield_project_cluster",
            "deployment_circuit_breaker": [
              {
                "enable": false,
                "rollback": false
              }
            ],
            "deployment_controller": [
              {
                "type": "ECS"
              }
            ],
            "deployment_maximum_percent": 200,
            "deployment_minimum_healthy_percent": 100,
            "desired_count": 3,
            "enable_ecs_managed_tags": false,
            "enable_execute_command": false,
            "force_new_deployment": null,
            "health_check_grace_period_seconds": 0,
            "iam_role": "/aws-service-role/ecs.amazonaws.com/AWSServiceRoleForECS",
            "id": "arn:aws:ecs:eu-central-1:654654510727:service/greenfield_project_cluster/greenfield-project-app-service",
            "launch_type": "FARGATE",
            "load_balancer": [
              {
                "container_name": "greenfield-project-task",
                "container_port": 8080,
                "elb_name": "",
                "target_group_arn": "arn:aws:elasticloadbalancing:eu-central-1:654654510727:targetgroup/target-group-app/91bf8542aa749ae6"
              }
            ],
            "name": "greenfield-project-app-service",
            "network_configuration": [
              {
                "assign_public_ip": true,
                "security_groups": [
                  "sg-0e7265073e44b55f4"
                ],
                "subnets": [
                  "subnet-01a5cbe3e50d7700b",
                  "subnet-0421e6e20348ba7a5"
                ]
              }
            ],
            "ordered_placement_strategy": [],
            "placement_constraints": [],
            "platform_version": "LATEST",
            "propagate_tags": "NONE",
            "scheduling_strategy": "REPLICA",
            "service_connect_configuration": [],
            "service_registries": [],
            "tags": {},
            "tags_all": {},
            "task_definition": "arn:aws:ecs:eu-central-1:654654510727:task-definition/greenfield-project-task:2",
            "timeouts": null,
            "triggers": {},
            "volume_configuration": [],
            "wait_for_steady_state": false
          },
          "sensitive_attributes": [],
          "private": "eyJlMmJmYjczMC1lY2FhLTExZTYtOGY4OC0zNDM2M2JjN2M0YzAiOnsiY3JlYXRlIjoxMjAwMDAwMDAwMDAwLCJkZWxldGUiOjEyMDAwMDAwMDAwMDAsInVwZGF0ZSI6MTIwMDAwMDAwMDAwMH19",
          "dependencies": [
            "aws_default_subnet.default_subnet_a",
            "aws_default_subnet.default_subnet_b",
            "aws_default_vpc.default_vpc",
            "aws_ecr_repository.greenfield_project",
            "aws_ecs_cluster.greenfield_project_cluster",
            "aws_ecs_task_definition.greenfield_project_task",
            "aws_iam_role.ecsTaskExecution",
            "aws_lb_target_group.target_group_app",
            "aws_security_group.lb_security_group",
            "data.aws_iam_policy_document.assume_role_policy"
          ]
        }
      ]
    },
    {
      "mode": "managed",
      "type": "aws_ecs_task_definition",
      "name": "greenfield_project_task",
      "provider": "provider[\"registry.terraform.io/hashicorp/aws\"]",
      "instances": [
        {
          "schema_version": 1,
          "attributes": {
            "arn": "arn:aws:ecs:eu-central-1:654654510727:task-definition/greenfield-project-task:2",
            "arn_without_revision": "arn:aws:ecs:eu-central-1:654654510727:task-definition/greenfield-project-task",
            "container_definitions": "[{\"Command\":null,\"Cpu\":256,\"CredentialSpecs\":null,\"DependsOn\":null,\"DisableNetworking\":null,\"DnsSearchDomains\":null,\"DnsServers\":null,\"DockerLabels\":null,\"DockerSecurityOptions\":null,\"EntryPoint\":null,\"Environment\":[],\"EnvironmentFiles\":null,\"Essential\":true,\"ExtraHosts\":null,\"FirelensConfiguration\":null,\"HealthCheck\":null,\"Hostname\":null,\"Image\":\"654654510727.dkr.ecr.eu-central-1.amazonaws.com/greenfield-project\",\"Interactive\":null,\"Links\":null,\"LinuxParameters\":null,\"LogConfiguration\":null,\"Memory\":2048,\"MemoryReservation\":null,\"MountPoints\":[],\"Name\":\"greenfield-project-task\",\"PortMappings\":[{\"AppProtocol\":\"\",\"ContainerPort\":8080,\"ContainerPortRange\":null,\"HostPort\":8080,\"Name\":null,\"Protocol\":\"tcp\"}],\"Privileged\":null,\"PseudoTerminal\":null,\"ReadonlyRootFilesystem\":null,\"RepositoryCredentials\":null,\"ResourceRequirements\":null,\"Secrets\":null,\"StartTimeout\":null,\"StopTimeout\":null,\"SystemControls\":[],\"Ulimits\":null,\"User\":null,\"VolumesFrom\":[],\"WorkingDirectory\":null}]\n",
            "cpu": "256",
            "ephemeral_storage": [],
            "execution_role_arn": "arn:aws:iam::654654510727:role/ecsTaskExecution",
            "family": "greenfield-project-task",
            "id": "greenfield-project-task",
            "inference_accelerator": [],
            "ipc_mode": "",
            "memory": "2048",
            "network_mode": "awsvpc",
            "pid_mode": "",
            "placement_constraints": [],
            "proxy_configuration": [],
            "requires_compatibilities": [
              "FARGATE"
            ],
            "revision": 2,
            "runtime_platform": [],
            "skip_destroy": false,
            "tags": {},
            "tags_all": {},
            "task_role_arn": "",
            "track_latest": false,
            "volume": []
          },
          "sensitive_attributes": [],
          "private": "eyJzY2hlbWFfdmVyc2lvbiI6IjEifQ==",
          "dependencies": [
            "aws_ecr_repository.greenfield_project",
            "aws_iam_role.ecsTaskExecution",
            "data.aws_iam_policy_document.assume_role_policy"
          ]
        }
      ]
    },
    {
      "mode": "managed",
      "type": "aws_iam_role",
      "name": "ecsTaskExecution",
      "provider": "provider[\"registry.terraform.io/hashicorp/aws\"]",
      "instances": [
        {
          "schema_version": 0,
          "attributes": {
            "arn": "arn:aws:iam::654654510727:role/ecsTaskExecution",
            "assume_role_policy": "{\"Statement\":[{\"Action\":\"sts:AssumeRole\",\"Effect\":\"Allow\",\"Principal\":{\"Service\":\"ecs-tasks.amazonaws.com\"}}],\"Version\":\"2012-10-17\"}",
            "create_date": "2024-07-25T20:09:26Z",
            "description": "",
            "force_detach_policies": false,
            "id": "ecsTaskExecution",
            "inline_policy": [],
            "managed_policy_arns": [
              "arn:aws:iam::aws:policy/service-role/AmazonECSTaskExecutionRolePolicy"
            ],
            "max_session_duration": 3600,
            "name": "ecsTaskExecution",
            "name_prefix": "",
            "path": "/",
            "permissions_boundary": "",
            "tags": {},
            "tags_all": {},
            "unique_id": "AROAZQ3DTC2DZZFQIGATJ"
          },
          "sensitive_attributes": [],
          "private": "bnVsbA==",
          "dependencies": [
            "data.aws_iam_policy_document.assume_role_policy"
          ]
        }
      ]
    },
    {
      "mode": "managed",
      "type": "aws_iam_role_policy_attachment",
      "name": "ecsTaskExecutionRole_policy",
      "provider": "provider[\"registry.terraform.io/hashicorp/aws\"]",
      "instances": [
        {
          "schema_version": 0,
          "attributes": {
            "id": "ecsTaskExecution-20240725200929201100000002",
            "policy_arn": "arn:aws:iam::aws:policy/service-role/AmazonECSTaskExecutionRolePolicy",
            "role": "ecsTaskExecution"
          },
          "sensitive_attributes": [],
          "private": "bnVsbA==",
          "dependencies": [
            "aws_iam_role.ecsTaskExecution",
            "data.aws_iam_policy_document.assume_role_policy"
          ]
        }
      ]
    },
    {
      "mode": "managed",
      "type": "aws_lb_listener",
      "name": "listener",
      "provider": "provider[\"registry.terraform.io/hashicorp/aws\"]",
      "instances": [
        {
          "schema_version": 0,
          "attributes": {
            "alpn_policy": null,
            "arn": "arn:aws:elasticloadbalancing:eu-central-1:654654510727:listener/app/greenfield-project-load-balancer/ec207ca523acbd5b/e02623c1ae426e30",
            "certificate_arn": null,
            "default_action": [
              {
                "authenticate_cognito": [],
                "authenticate_oidc": [],
                "fixed_response": [],
                "forward": [],
                "order": 1,
                "redirect": [],
                "target_group_arn": "arn:aws:elasticloadbalancing:eu-central-1:654654510727:targetgroup/target-group-app/91bf8542aa749ae6",
                "type": "forward"
              }
            ],
            "id": "arn:aws:elasticloadbalancing:eu-central-1:654654510727:listener/app/greenfield-project-load-balancer/ec207ca523acbd5b/e02623c1ae426e30",
            "load_balancer_arn": "arn:aws:elasticloadbalancing:eu-central-1:654654510727:loadbalancer/app/greenfield-project-load-balancer/ec207ca523acbd5b",
            "mutual_authentication": [],
            "port": 80,
            "protocol": "HTTP",
            "ssl_policy": "",
            "tags": {},
            "tags_all": {},
            "timeouts": null
          },
          "sensitive_attributes": [],
          "private": "eyJlMmJmYjczMC1lY2FhLTExZTYtOGY4OC0zNDM2M2JjN2M0YzAiOnsiY3JlYXRlIjozMDAwMDAwMDAwMDAsInVwZGF0ZSI6MzAwMDAwMDAwMDAwfX0=",
          "dependencies": [
            "aws_alb.greenfield_project_load_balancer",
            "aws_default_subnet.default_subnet_a",
            "aws_default_subnet.default_subnet_b",
            "aws_default_vpc.default_vpc",
            "aws_lb_target_group.target_group_app",
            "aws_security_group.lb_security_group"
          ]
        }
      ]
    },
    {
      "mode": "managed",
      "type": "aws_lb_target_group",
      "name": "target_group_app",
      "provider": "provider[\"registry.terraform.io/hashicorp/aws\"]",
      "instances": [
        {
          "schema_version": 0,
          "attributes": {
            "arn": "arn:aws:elasticloadbalancing:eu-central-1:654654510727:targetgroup/target-group-app/91bf8542aa749ae6",
            "arn_suffix": "targetgroup/target-group-app/91bf8542aa749ae6",
            "connection_termination": null,
            "deregistration_delay": "300",
            "health_check": [
              {
                "enabled": true,
                "healthy_threshold": 3,
                "interval": 30,
                "matcher": "200",
                "path": "/q/health",
                "port": "traffic-port",
                "protocol": "HTTP",
                "timeout": 5,
                "unhealthy_threshold": 3
              }
            ],
            "id": "arn:aws:elasticloadbalancing:eu-central-1:654654510727:targetgroup/target-group-app/91bf8542aa749ae6",
            "ip_address_type": "ipv4",
            "lambda_multi_value_headers_enabled": false,
            "load_balancer_arns": [
              "arn:aws:elasticloadbalancing:eu-central-1:654654510727:loadbalancer/app/greenfield-project-load-balancer/ec207ca523acbd5b"
            ],
            "load_balancing_algorithm_type": "round_robin",
            "load_balancing_anomaly_mitigation": "off",
            "load_balancing_cross_zone_enabled": "use_load_balancer_configuration",
            "name": "target-group-app",
            "name_prefix": "",
            "port": 80,
            "preserve_client_ip": null,
            "protocol": "HTTP",
            "protocol_version": "HTTP1",
            "proxy_protocol_v2": false,
            "slow_start": 0,
            "stickiness": [
              {
                "cookie_duration": 86400,
                "cookie_name": "",
                "enabled": false,
                "type": "lb_cookie"
              }
            ],
            "tags": {},
            "tags_all": {},
            "target_failover": [
              {
                "on_deregistration": null,
                "on_unhealthy": null
              }
            ],
            "target_group_health": [
              {
                "dns_failover": [
                  {
                    "minimum_healthy_targets_count": "1",
                    "minimum_healthy_targets_percentage": "off"
                  }
                ],
                "unhealthy_state_routing": [
                  {
                    "minimum_healthy_targets_count": 1,
                    "minimum_healthy_targets_percentage": "off"
                  }
                ]
              }
            ],
            "target_health_state": [
              {
                "enable_unhealthy_connection_termination": null
              }
            ],
            "target_type": "ip",
            "vpc_id": "vpc-01820f5b3ff3967d9"
          },
          "sensitive_attributes": [],
          "private": "bnVsbA==",
          "dependencies": [
            "aws_default_vpc.default_vpc"
          ]
        }
      ]
    },
    {
      "mode": "managed",
      "type": "aws_security_group",
      "name": "lb_security_group",
      "provider": "provider[\"registry.terraform.io/hashicorp/aws\"]",
      "instances": [
        {
          "schema_version": 1,
          "attributes": {
            "arn": "arn:aws:ec2:eu-central-1:654654510727:security-group/sg-0e7265073e44b55f4",
            "description": "Managed by Terraform",
            "egress": [
              {
                "cidr_blocks": [
                  "0.0.0.0/0"
                ],
                "description": "",
                "from_port": 0,
                "ipv6_cidr_blocks": [],
                "prefix_list_ids": [],
                "protocol": "-1",
                "security_groups": [],
                "self": false,
                "to_port": 0
              }
            ],
            "id": "sg-0e7265073e44b55f4",
            "ingress": [
              {
                "cidr_blocks": [
                  "0.0.0.0/0"
                ],
                "description": "",
                "from_port": 80,
                "ipv6_cidr_blocks": [],
                "prefix_list_ids": [],
                "protocol": "tcp",
                "security_groups": [],
                "self": false,
                "to_port": 80
              }
            ],
            "name": "terraform-20240725200927964000000001",
            "name_prefix": "terraform-",
            "owner_id": "654654510727",
            "revoke_rules_on_delete": false,
            "tags": {},
            "tags_all": {},
            "timeouts": null,
            "vpc_id": "vpc-01820f5b3ff3967d9"
          },
          "sensitive_attributes": [],
          "private": "eyJlMmJmYjczMC1lY2FhLTExZTYtOGY4OC0zNDM2M2JjN2M0YzAiOnsiY3JlYXRlIjo2MDAwMDAwMDAwMDAsImRlbGV0ZSI6OTAwMDAwMDAwMDAwfSwic2NoZW1hX3ZlcnNpb24iOiIxIn0="
        }
      ]
    },
    {
      "mode": "managed",
      "type": "aws_security_group",
      "name": "service_security_group",
      "provider": "provider[\"registry.terraform.io/hashicorp/aws\"]",
      "instances": [
        {
          "schema_version": 1,
          "attributes": {
            "arn": "arn:aws:ec2:eu-central-1:654654510727:security-group/sg-020b172b2f1b7acd3",
            "description": "Managed by Terraform",
            "egress": [
              {
                "cidr_blocks": [
                  "0.0.0.0/0"
                ],
                "description": "",
                "from_port": 0,
                "ipv6_cidr_blocks": [],
                "prefix_list_ids": [],
                "protocol": "-1",
                "security_groups": [],
                "self": false,
                "to_port": 0
              }
            ],
            "id": "sg-020b172b2f1b7acd3",
            "ingress": [
              {
                "cidr_blocks": [],
                "description": "",
                "from_port": 0,
                "ipv6_cidr_blocks": [],
                "prefix_list_ids": [],
                "protocol": "-1",
                "security_groups": [
                  "sg-0e7265073e44b55f4"
                ],
                "self": false,
                "to_port": 0
              }
            ],
            "name": "terraform-20240725200930375900000003",
            "name_prefix": "terraform-",
            "owner_id": "654654510727",
            "revoke_rules_on_delete": false,
            "tags": {},
            "tags_all": {},
            "timeouts": null,
            "vpc_id": "vpc-01820f5b3ff3967d9"
          },
          "sensitive_attributes": [],
          "private": "eyJlMmJmYjczMC1lY2FhLTExZTYtOGY4OC0zNDM2M2JjN2M0YzAiOnsiY3JlYXRlIjo2MDAwMDAwMDAwMDAsImRlbGV0ZSI6OTAwMDAwMDAwMDAwfSwic2NoZW1hX3ZlcnNpb24iOiIxIn0=",
          "dependencies": [
            "aws_security_group.lb_security_group"
          ]
        }
      ]
    }
  ],
  "check_results": null
}
