{
  "version": 4,
  "terraform_version": "1.7.5",
  "serial": 142,
  "lineage": "2e558d50-c231-e052-53dc-519f6503be61",
  "outputs": {
    "app_url": {
      "value": "greenfield-project-load-balancer-991241019.eu-central-1.elb.amazonaws.com",
      "type": "string"
    }
  },
  "resources": [
    {
      "mode": "data",
      "type": "aws_ecr_authorization_token",
      "name": "auth_token_ecr",
      "provider": "provider[\"registry.terraform.io/hashicorp/aws\"]",
      "instances": [
        {
          "schema_version": 0,
          "attributes": {
            "authorization_token": "QVdTOmV5SndZWGxzYjJGa0lqb2lOVUpsZFZZelVuaHZiREZMU0VVM1ZrSkNUMVZsTldGWk0wZDVObVJQYkVzMVpGbDRNWHBLZWs1UlFUWnVhMWhvWjNCblFuQmhOblZ5THpOR2JqYzFNMEZPTkdGeGFuQmpOelJ2YzB4SWVWWm1kM0lyTVdkb2JYTmtObVIxTjAxblNraHZibFYyVmxSM1pFVnFSMngxY1V0aFlWTk1lV1pGYmtaV1NuUnFSMnB4WjI1WFpFWmlWWHBJZVhjeFMxRlhkV040VlZGdFQyVmlhRmw2UTA5MWNVaDBaRUpGWjBWblVXcG9PSE53T1ZsdGFGSjNMMnA2UlcxNFZFTnNUR2dyVlVKNlVVVm9iVzEzYUc1UmQyaEhNbWRoWlRBeFRETkRWMDB6V1hkUk5FRnNVbnB0VlhKNE1UQlNjWGRVTDA5c01scEROa3RVTWs5dVprcFNUMkpZTm1KS1RWRkdMekoyTmpsWk0wbzBSMHRxVkVOamJXTjBlbFIxWkd4RU9HVjZkbEkyVkcxNFpISlNUR1k0TUhjeVRVMVdaamhDVm5nclduTTRiVFoxVmpSdGVUbHNZV3RDYmpWTWNtWnRXRkEyTlc1SmEzZzRkbTlFWWpCWlZEWlpSR3B0TXpBeVREZE9iRzFoVURoT2NTdFdSbnBLY0N0SU5tNVpiWEJPUjB0NE5WWTBOa2g1VDBKU1RXRnViblF6YldKMVJqZGFOV1p4U0RjNVlqWlBiVXhoZWpsRVJHa3dPRlV3ZWxCMEwySkNlSEJNZDFWcFIxWTBVR2RCUkdReloxWlNWbFZUT0c4ME1UTlBhVWhhYUU4M1pqQnFjbk4zWWxCME0ydE5VRUZFYlZkWVpFMTRXR1p3TldkbVNHTmtWazB4TjBnMFdHb3dVMlV5TkVaVlowUjFiSHBOUmxkVVNrZFlWM2gwTTBzelpFTlNXa3RSTlU5bFFWZE5Va0ZGVEdObWNXZzJUak5OTmtOWWNqaDRiRFJ0UkcxSlVVZEthVE5DV2tORlpFWlJTRlUwT1RWcGN6QXZVbk5ZSzBOYVQyY3ZjSHBLVDI1QlQySlROVGt2TlhCUFZraFNZVGRWUmxOaEwwSmxlbkkzZEhKR1RucHJWV3hUWjJ0dmNuRklVMnRyWVZkMU4wTnZTR3RNVTJKSlRrMURSRFJ4TlZCa09HaHlSSEJRZGtFM01EUjJkRVUzV2xKTGRUbENOMHhpU0ZKeE1uVjFUVElyUkRKMU5WZFBZVVE1TlcxMGFHTmtPVWxZWnpKa2VUZDNNamxXWVVjNVFrRXlhMWhMU3prMWNHdERZV3RxV2twdk1uWnNObWRCUjFaTGJFZzBLell5T1ZOWE1sZEVPVlp1VGs1cVJDdFFabU5zZHlzNVRWUkRVbk5zTHpSUUwxcHZUSEZ0WkZsdFFWTndVVU5oYzJ0QlFrNXFSak5QTDBGdFJVZERVMFZ3UTNVMVdtVTNXRmszY0ZWSlUwSllUREpVT1ZVdk9YVnFhVWhNVEhrMk56SlViME01Y0Rab00xUTRiVTR2U3pnM2FsaHhTbTVETjI1TlVtZEdiRkUyTTFCS1RITlNXVnBCTUZGSE9USkNiRlppYkRKcGRtWTViazA0Y0d0WFYwc3ZUR1ZZYVhZM2QxaFBlU3RzYzNGV2JHc3pjMWRMV2tnNWIzTkJlRXQ2U1hCMVJXcEhibEExVWpGNmNIRnRRbkJoTlhad1JWZzNXQ3RWYnpSb1RsaGxkbUZzTkV4b1FtZE5PWGR5ZVZwNlRYUkRiVUZTUldORk1EQlZTblpTYzFWdWFqVkRNWEJzTkRFelMwaFdRVGhaZW1NcldUWk1jbFpCZFdwT1ZEQkpNRVJyUFNJc0ltUmhkR0ZyWlhraU9pSkJVVVZDUVVob00zcFpUMlIwY0VKQ1UxWjNMMWt5WVc0NFFsaEpSRFJyZDB4UlptNXZWR28xZW5kYWRFZEtXbTlhVVVGQlFVZzBkMlpCV1VwTGIxcEphSFpqVGtGUlkwZHZSemgzWWxGSlFrRkVRbTlDWjJ0eGFHdHBSemwzTUVKQ2QwVjNTR2RaU2xsSldrbEJWMVZFUWtGRmRVMUNSVVZFUjNVNVVIcG1OV2swVTFBMlJYaE1WRUZKUWtWSlFUYzVjRGgwTWxSNE9GRk9LMUp6VjBNNE9DdFhXV2hqV1RSeFYyMTFWMjlKY0Zsdk5XcExTMDE2Wm5KMmEzaEdMMUZKWjFKNmJYSklWVnByVTJoU2NXVmFUMjl0ZVVwVWFGQm5kR052UjA5VlBTSXNJblpsY25OcGIyNGlPaUl5SWl3aWRIbHdaU0k2SWtSQlZFRmZTMFZaSWl3aVpYaHdhWEpoZEdsdmJpSTZNVGN5TVRrNE16TTFPSDA9",
            "expires_at": "2024-07-26T08:42:38Z",
            "id": "eu-central-1",
            "password": "eyJwYXlsb2FkIjoiNUJldVYzUnhvbDFLSEU3VkJCT1VlNWFZM0d5NmRPbEs1ZFl4MXpKek5RQTZua1hoZ3BnQnBhNnVyLzNGbjc1M0FONGFxanBjNzRvc0xIeVZmd3IrMWdobXNkNmR1N01nSkhvblV2VlR3ZEVqR2x1cUthYVNMeWZFbkZWSnRqR2pxZ25XZEZiVXpIeXcxS1FXdWN4VVFtT2ViaFl6Q091cUh0ZEJFZ0VnUWpoOHNwOVltaFJ3L2p6RW14VENsTGgrVUJ6UUVobW13aG5Rd2hHMmdhZTAxTDNDV00zWXdRNEFsUnptVXJ4MTBScXdUL09sMlpDNktUMk9uZkpST2JYNmJKTVFGLzJ2NjlZM0o0R0tqVENjbWN0elR1ZGxEOGV6dlI2VG14ZHJSTGY4MHcyTU1WZjhCVngrWnM4bTZ1VjRteTlsYWtCbjVMcmZtWFA2NW5Ja3g4dm9EYjBZVDZZRGptMzAyTDdObG1hUDhOcStWRnpKcCtINm5ZbXBOR0t4NVY0Nkh5T0JSTWFubnQzbWJ1RjdaNWZxSDc5YjZPbUxhejlERGkwOFUwelB0L2JCeHBMd1VpR1Y0UGdBRGQzZ1ZSVlVTOG80MTNPaUhaaE83ZjBqcnN3YlB0M2tNUEFEbVdYZE14WGZwNWdmSGNkVk0xN0g0WGowU2UyNEZVZ0R1bHpNRldUSkdYV3h0M0szZENSWktRNU9lQVdNUkFFTGNmcWg2TjNNNkNYcjh4bDRtRG1JUUdKaTNCWkNFZEZRSFU0OTVpczAvUnNYK0NaT2cvcHpKT25BT2JTNTkvNXBPVkhSYTdVRlNhL0JlenI3dHJGTnprVWxTZ2tvcnFIU2trYVd1N0NvSGtMU2JJTk1DRDRxNVBkOGhyRHBQdkE3MDR2dEU3WlJLdTlCN0xiSFJxMnV1TTIrRDJ1NVdPYUQ5NW10aGNkOUlYZzJkeTd3MjlWYUc5QkEya1hLSzk1cGtDYWtqWkpvMnZsNmdBR1ZLbEg0KzYyOVNXMldEOVZuTk5qRCtQZmNsdys5TVRDUnNsLzRQL1pvTHFtZFltQVNwUUNhc2tBQk5qRjNPL0FtRUdDU0VwQ3U1WmU3WFk3cFVJU0JYTDJUOVUvOXVqaUhMTHk2NzJUb0M5cDZoM1Q4bU4vSzg3alhxSm5DN25NUmdGbFE2M1BKTHNSWVpBMFFHOTJCbFZibDJpdmY5bk04cGtXV0svTGVYaXY3d1hPeStsc3FWbGszc1dLWkg5b3NBeEt6SXB1RWpHblA1UjF6cHFtQnBhNXZwRVg3WCtVbzRoTlhldmFsNExoQmdNOXdyeVp6TXRDbUFSRWNFMDBVSnZSc1VuajVDMXBsNDEzS0hWQThZemMrWTZMclZBdWpOVDBJMERrPSIsImRhdGFrZXkiOiJBUUVCQUhoM3pZT2R0cEJCU1Z3L1kyYW44QlhJRDRrd0xRZm5vVGo1endadEdKWm9aUUFBQUg0d2ZBWUpLb1pJaHZjTkFRY0dvRzh3YlFJQkFEQm9CZ2txaGtpRzl3MEJCd0V3SGdZSllJWklBV1VEQkFFdU1CRUVER3U5UHpmNWk0U1A2RXhMVEFJQkVJQTc5cDh0MlR4OFFOK1JzV0M4OCtXWWhjWTRxV211V29JcFlvNWpLS016ZnJ2a3hGL1FJZ1J6bXJIVVprU2hScWVaT29teUpUaFBndGNvR09VPSIsInZlcnNpb24iOiIyIiwidHlwZSI6IkRBVEFfS0VZIiwiZXhwaXJhdGlvbiI6MTcyMTk4MzM1OH0=",
            "proxy_endpoint": "https://654654510727.dkr.ecr.eu-central-1.amazonaws.com",
            "registry_id": null,
            "user_name": "AWS"
          },
          "sensitive_attributes": []
        }
      ]
    },
    {
      "mode": "data",
      "type": "aws_iam_policy_document",
      "name": "assume_role_policy",
      "provider": "provider[\"registry.terraform.io/hashicorp/aws\"]",
      "instances": [
        {
          "schema_version": 0,
          "attributes": {
            "id": "1077804475",
            "json": "{\n  \"Version\": \"2012-10-17\",\n  \"Statement\": [\n    {\n      \"Effect\": \"Allow\",\n      \"Action\": \"sts:AssumeRole\",\n      \"Principal\": {\n        \"Service\": \"ecs-tasks.amazonaws.com\"\n      }\n    }\n  ]\n}",
            "minified_json": "{\"Version\":\"2012-10-17\",\"Statement\":[{\"Effect\":\"Allow\",\"Action\":\"sts:AssumeRole\",\"Principal\":{\"Service\":\"ecs-tasks.amazonaws.com\"}}]}",
            "override_json": null,
            "override_policy_documents": null,
            "policy_id": null,
            "source_json": null,
            "source_policy_documents": null,
            "statement": [
              {
                "actions": [
                  "sts:AssumeRole"
                ],
                "condition": [],
                "effect": "Allow",
                "not_actions": [],
                "not_principals": [],
                "not_resources": [],
                "principals": [
                  {
                    "identifiers": [
                      "ecs-tasks.amazonaws.com"
                    ],
                    "type": "Service"
                  }
                ],
                "resources": [],
                "sid": ""
              }
            ],
            "version": "2012-10-17"
          },
          "sensitive_attributes": []
        }
      ]
    },
    {
      "mode": "managed",
      "type": "aws_alb",
      "name": "greenfield_project_load_balancer",
      "provider": "provider[\"registry.terraform.io/hashicorp/aws\"]",
      "instances": [
        {
          "schema_version": 0,
          "attributes": {
            "access_logs": [
              {
                "bucket": "",
                "enabled": false,
                "prefix": ""
              }
            ],
            "arn": "arn:aws:elasticloadbalancing:eu-central-1:654654510727:loadbalancer/app/greenfield-project-load-balancer/ec207ca523acbd5b",
            "arn_suffix": "app/greenfield-project-load-balancer/ec207ca523acbd5b",
            "client_keep_alive": 3600,
            "connection_logs": [
              {
                "bucket": "",
                "enabled": false,
                "prefix": ""
              }
            ],
            "customer_owned_ipv4_pool": "",
            "desync_mitigation_mode": "defensive",
            "dns_name": "greenfield-project-load-balancer-991241019.eu-central-1.elb.amazonaws.com",
            "dns_record_client_routing_policy": null,
            "drop_invalid_header_fields": false,
            "enable_cross_zone_load_balancing": true,
            "enable_deletion_protection": false,
            "enable_http2": true,
            "enable_tls_version_and_cipher_suite_headers": false,
            "enable_waf_fail_open": false,
            "enable_xff_client_port": false,
            "enforce_security_group_inbound_rules_on_private_link_traffic": "",
            "id": "arn:aws:elasticloadbalancing:eu-central-1:654654510727:loadbalancer/app/greenfield-project-load-balancer/ec207ca523acbd5b",
            "idle_timeout": 60,
            "internal": false,
            "ip_address_type": "ipv4",
            "load_balancer_type": "application",
            "name": "greenfield-project-load-balancer",
            "name_prefix": "",
            "preserve_host_header": false,
            "security_groups": [
              "sg-0e7265073e44b55f4"
            ],
            "subnet_mapping": [
              {
                "allocation_id": "",
                "ipv6_address": "",
                "outpost_id": "",
                "private_ipv4_address": "",
                "subnet_id": "subnet-01a5cbe3e50d7700b"
              },
              {
                "allocation_id": "",
                "ipv6_address": "",
                "outpost_id": "",
                "private_ipv4_address": "",
                "subnet_id": "subnet-0421e6e20348ba7a5"
              }
            ],
            "subnets": [
              "subnet-01a5cbe3e50d7700b",
              "subnet-0421e6e20348ba7a5"
            ],
            "tags": {},
            "tags_all": {},
            "timeouts": null,
            "vpc_id": "vpc-01820f5b3ff3967d9",
            "xff_header_processing_mode": "append",
            "zone_id": "Z215JYRZR1TBD5"
          },
          "sensitive_attributes": [],
          "private": "eyJlMmJmYjczMC1lY2FhLTExZTYtOGY4OC0zNDM2M2JjN2M0YzAiOnsiY3JlYXRlIjo2MDAwMDAwMDAwMDAsImRlbGV0ZSI6NjAwMDAwMDAwMDAwLCJ1cGRhdGUiOjYwMDAwMDAwMDAwMH19",
          "dependencies": [
            "aws_default_subnet.default_subnet_a",
            "aws_default_subnet.default_subnet_b",
            "aws_security_group.lb_security_group"
          ]
        }
      ]
    },
    {
      "mode": "managed",
      "type": "aws_default_subnet",
      "name": "default_subnet_a",
      "provider": "provider[\"registry.terraform.io/hashicorp/aws\"]",
      "instances": [
        {
          "schema_version": 1,
          "attributes": {
            "arn": "arn:aws:ec2:eu-central-1:654654510727:subnet/subnet-0421e6e20348ba7a5",
            "assign_ipv6_address_on_creation": false,
            "availability_zone": "eu-central-1a",
            "availability_zone_id": "euc1-az2",
            "cidr_block": "172.31.16.0/20",
            "customer_owned_ipv4_pool": "",
            "enable_dns64": false,
            "enable_lni_at_device_index": 0,
            "enable_resource_name_dns_a_record_on_launch": false,
            "enable_resource_name_dns_aaaa_record_on_launch": false,
            "existing_default_subnet": true,
            "force_destroy": false,
            "id": "subnet-0421e6e20348ba7a5",
            "ipv6_cidr_block": "",
            "ipv6_cidr_block_association_id": "",
            "ipv6_native": false,
            "map_customer_owned_ip_on_launch": false,
            "map_public_ip_on_launch": true,
            "outpost_arn": "",
            "owner_id": "654654510727",
            "private_dns_hostname_type_on_launch": "ip-name",
            "tags": {},
            "tags_all": {},
            "timeouts": null,
            "vpc_id": "vpc-01820f5b3ff3967d9"
          },
          "sensitive_attributes": [],
          "private": "eyJlMmJmYjczMC1lY2FhLTExZTYtOGY4OC0zNDM2M2JjN2M0YzAiOnsiY3JlYXRlIjo2MDAwMDAwMDAwMDAsImRlbGV0ZSI6MTIwMDAwMDAwMDAwMH0sInNjaGVtYV92ZXJzaW9uIjoiMSJ9"
        }
      ]
    },
    {
      "mode": "managed",
      "type": "aws_default_subnet",
      "name": "default_subnet_b",
      "provider": "provider[\"registry.terraform.io/hashicorp/aws\"]",
      "instances": [
        {
          "schema_version": 1,
          "attributes": {
            "arn": "arn:aws:ec2:eu-central-1:654654510727:subnet/subnet-01a5cbe3e50d7700b",
            "assign_ipv6_address_on_creation": false,
            "availability_zone": "eu-central-1b",
            "availability_zone_id": "euc1-az3",
            "cidr_block": "172.31.32.0/20",
            "customer_owned_ipv4_pool": "",
            "enable_dns64": false,
            "enable_lni_at_device_index": 0,
            "enable_resource_name_dns_a_record_on_launch": false,
            "enable_resource_name_dns_aaaa_record_on_launch": false,
            "existing_default_subnet": true,
            "force_destroy": false,
            "id": "subnet-01a5cbe3e50d7700b",
            "ipv6_cidr_block": "",
            "ipv6_cidr_block_association_id": "",
            "ipv6_native": false,
            "map_customer_owned_ip_on_launch": false,
            "map_public_ip_on_launch": true,
            "outpost_arn": "",
            "owner_id": "654654510727",
            "private_dns_hostname_type_on_launch": "ip-name",
            "tags": {},
            "tags_all": {},
            "timeouts": null,
            "vpc_id": "vpc-01820f5b3ff3967d9"
          },
          "sensitive_attributes": [],
          "private": "eyJlMmJmYjczMC1lY2FhLTExZTYtOGY4OC0zNDM2M2JjN2M0YzAiOnsiY3JlYXRlIjo2MDAwMDAwMDAwMDAsImRlbGV0ZSI6MTIwMDAwMDAwMDAwMH0sInNjaGVtYV92ZXJzaW9uIjoiMSJ9"
        }
      ]
    },
    {
      "mode": "managed",
      "type": "aws_default_vpc",
      "name": "default_vpc",
      "provider": "provider[\"registry.terraform.io/hashicorp/aws\"]",
      "instances": [
        {
          "schema_version": 1,
          "attributes": {
            "arn": "arn:aws:ec2:eu-central-1:654654510727:vpc/vpc-01820f5b3ff3967d9",
            "assign_generated_ipv6_cidr_block": false,
            "cidr_block": "172.31.0.0/16",
            "default_network_acl_id": "acl-0cd4185d5111e0fb1",
            "default_route_table_id": "rtb-0553fadd8f25188d7",
            "default_security_group_id": "sg-057d1f21f3d22ca71",
            "dhcp_options_id": "dopt-05fd172afa0263cf5",
            "enable_dns_hostnames": true,
            "enable_dns_support": true,
            "enable_network_address_usage_metrics": false,
            "existing_default_vpc": true,
            "force_destroy": false,
            "id": "vpc-01820f5b3ff3967d9",
            "instance_tenancy": "default",
            "ipv6_association_id": "",
            "ipv6_cidr_block": "",
            "ipv6_cidr_block_network_border_group": "",
            "ipv6_ipam_pool_id": "",
            "ipv6_netmask_length": 0,
            "main_route_table_id": "rtb-0553fadd8f25188d7",
            "owner_id": "654654510727",
            "tags": {},
            "tags_all": {}
          },
          "sensitive_attributes": [],
          "private": "eyJzY2hlbWFfdmVyc2lvbiI6IjEifQ=="
        }
      ]
    },
    {
      "mode": "managed",
      "type": "aws_ecr_lifecycle_policy",
      "name": "lifecycle_policy",
      "provider": "provider[\"registry.terraform.io/hashicorp/aws\"]",
      "instances": [
        {
          "schema_version": 0,
          "attributes": {
            "id": "greenfield-project",
            "policy": "{\"rules\":[{\"action\":{\"type\":\"expire\"},\"description\":\"Keep only the last 15 untagged images.\",\"rulePriority\":1,\"selection\":{\"countNumber\":15,\"countType\":\"imageCountMoreThan\",\"tagStatus\":\"untagged\"}}]}",
            "registry_id": "654654510727",
            "repository": "greenfield-project"
          },
          "sensitive_attributes": [],
          "private": "bnVsbA==",
          "dependencies": [
            "aws_ecr_repository.greenfield_project"
          ]
        }
      ]
    },
    {
      "mode": "managed",
      "type": "aws_ecr_repository",
      "name": "greenfield_project",
      "provider": "provider[\"registry.terraform.io/hashicorp/aws\"]",
      "instances": [
        {
          "schema_version": 0,
          "attributes": {
            "arn": "arn:aws:ecr:eu-central-1:654654510727:repository/greenfield-project",
            "encryption_configuration": [
              {
                "encryption_type": "AES256",
                "kms_key": ""
              }
            ],
            "force_delete": null,
            "id": "greenfield-project",
            "image_scanning_configuration": [
              {
                "scan_on_push": true
              }
            ],
            "image_tag_mutability": "MUTABLE",
            "name": "greenfield-project",
            "registry_id": "654654510727",
            "repository_url": "654654510727.dkr.ecr.eu-central-1.amazonaws.com/greenfield-project",
            "tags": {},
            "tags_all": {},
            "timeouts": null
          },
          "sensitive_attributes": [],
          "private": "eyJlMmJmYjczMC1lY2FhLTExZTYtOGY4OC0zNDM2M2JjN2M0YzAiOnsiZGVsZXRlIjoxMjAwMDAwMDAwMDAwfX0="
        }
      ]
    },
    {
      "mode": "managed",
      "type": "aws_ecs_cluster",
      "name": "greenfield_project_cluster",
      "provider": "provider[\"registry.terraform.io/hashicorp/aws\"]",
      "instances": [
        {
          "schema_version": 0,
          "attributes": {
            "arn": "arn:aws:ecs:eu-central-1:654654510727:cluster/greenfield_project_cluster",
            "configuration": [],
            "id": "arn:aws:ecs:eu-central-1:654654510727:cluster/greenfield_project_cluster",
            "name": "greenfield_project_cluster",
            "service_connect_defaults": [],
            "setting": [
              {
                "name": "containerInsights",
                "value": "disabled"
              }
            ],
            "tags": {},
            "tags_all": {}
          },
          "sensitive_attributes": [],
          "private": "bnVsbA=="
        }
      ]
    },
    {
      "mode": "managed",
      "type": "aws_ecs_service",
      "name": "greenfield_project_app_service",
      "provider": "provider[\"registry.terraform.io/hashicorp/aws\"]",
      "instances": [
        {
          "schema_version": 0,
          "attributes": {
            "alarms": [],
            "capacity_provider_strategy": [],
            "cluster": "arn:aws:ecs:eu-central-1:654654510727:cluster/greenfield_project_cluster",
            "deployment_circuit_breaker": [
              {
                "enable": false,
                "rollback": false
              }
            ],
            "deployment_controller": [
              {
                "type": "ECS"
              }
            ],
            "deployment_maximum_percent": 200,
            "deployment_minimum_healthy_percent": 100,
            "desired_count": 3,
            "enable_ecs_managed_tags": false,
            "enable_execute_command": false,
            "force_new_deployment": null,
            "health_check_grace_period_seconds": 0,
            "iam_role": "/aws-service-role/ecs.amazonaws.com/AWSServiceRoleForECS",
            "id": "arn:aws:ecs:eu-central-1:654654510727:service/greenfield_project_cluster/greenfield-project-app-service",
            "launch_type": "FARGATE",
            "load_balancer": [
              {
                "container_name": "greenfield-project-task",
                "container_port": 8080,
                "elb_name": "",
                "target_group_arn": "arn:aws:elasticloadbalancing:eu-central-1:654654510727:targetgroup/target-group-app/91bf8542aa749ae6"
              }
            ],
            "name": "greenfield-project-app-service",
            "network_configuration": [
              {
                "assign_public_ip": true,
                "security_groups": [
                  "sg-0e7265073e44b55f4"
                ],
                "subnets": [
                  "subnet-01a5cbe3e50d7700b",
                  "subnet-0421e6e20348ba7a5"
                ]
              }
            ],
            "ordered_placement_strategy": [],
            "placement_constraints": [],
            "platform_version": "LATEST",
            "propagate_tags": "NONE",
            "scheduling_strategy": "REPLICA",
            "service_connect_configuration": [],
            "service_registries": [],
            "tags": {},
            "tags_all": {},
            "task_definition": "arn:aws:ecs:eu-central-1:654654510727:task-definition/greenfield-project-task:2",
            "timeouts": null,
            "triggers": {},
            "volume_configuration": [],
            "wait_for_steady_state": false
          },
          "sensitive_attributes": [],
          "private": "eyJlMmJmYjczMC1lY2FhLTExZTYtOGY4OC0zNDM2M2JjN2M0YzAiOnsiY3JlYXRlIjoxMjAwMDAwMDAwMDAwLCJkZWxldGUiOjEyMDAwMDAwMDAwMDAsInVwZGF0ZSI6MTIwMDAwMDAwMDAwMH19",
          "dependencies": [
            "aws_default_subnet.default_subnet_a",
            "aws_default_subnet.default_subnet_b",
            "aws_default_vpc.default_vpc",
            "aws_ecr_repository.greenfield_project",
            "aws_ecs_cluster.greenfield_project_cluster",
            "aws_ecs_task_definition.greenfield_project_task",
            "aws_iam_role.ecsTaskExecution",
            "aws_lb_target_group.target_group_app",
            "aws_security_group.lb_security_group",
            "data.aws_iam_policy_document.assume_role_policy"
          ]
        }
      ]
    },
    {
      "mode": "managed",
      "type": "aws_ecs_task_definition",
      "name": "greenfield_project_task",
      "provider": "provider[\"registry.terraform.io/hashicorp/aws\"]",
      "instances": [
        {
          "schema_version": 1,
          "attributes": {
            "arn": "arn:aws:ecs:eu-central-1:654654510727:task-definition/greenfield-project-task:2",
            "arn_without_revision": "arn:aws:ecs:eu-central-1:654654510727:task-definition/greenfield-project-task",
            "container_definitions": "[{\"Command\":null,\"Cpu\":256,\"CredentialSpecs\":null,\"DependsOn\":null,\"DisableNetworking\":null,\"DnsSearchDomains\":null,\"DnsServers\":null,\"DockerLabels\":null,\"DockerSecurityOptions\":null,\"EntryPoint\":null,\"Environment\":[],\"EnvironmentFiles\":null,\"Essential\":true,\"ExtraHosts\":null,\"FirelensConfiguration\":null,\"HealthCheck\":null,\"Hostname\":null,\"Image\":\"654654510727.dkr.ecr.eu-central-1.amazonaws.com/greenfield-project\",\"Interactive\":null,\"Links\":null,\"LinuxParameters\":null,\"LogConfiguration\":null,\"Memory\":2048,\"MemoryReservation\":null,\"MountPoints\":[],\"Name\":\"greenfield-project-task\",\"PortMappings\":[{\"AppProtocol\":\"\",\"ContainerPort\":8080,\"ContainerPortRange\":null,\"HostPort\":8080,\"Name\":null,\"Protocol\":\"tcp\"}],\"Privileged\":null,\"PseudoTerminal\":null,\"ReadonlyRootFilesystem\":null,\"RepositoryCredentials\":null,\"ResourceRequirements\":null,\"Secrets\":null,\"StartTimeout\":null,\"StopTimeout\":null,\"SystemControls\":[],\"Ulimits\":null,\"User\":null,\"VolumesFrom\":[],\"WorkingDirectory\":null}]\n",
            "cpu": "256",
            "ephemeral_storage": [],
            "execution_role_arn": "arn:aws:iam::654654510727:role/ecsTaskExecution",
            "family": "greenfield-project-task",
            "id": "greenfield-project-task",
            "inference_accelerator": [],
            "ipc_mode": "",
            "memory": "2048",
            "network_mode": "awsvpc",
            "pid_mode": "",
            "placement_constraints": [],
            "proxy_configuration": [],
            "requires_compatibilities": [
              "FARGATE"
            ],
            "revision": 2,
            "runtime_platform": [],
            "skip_destroy": false,
            "tags": {},
            "tags_all": {},
            "task_role_arn": "",
            "track_latest": false,
            "volume": []
          },
          "sensitive_attributes": [],
          "private": "eyJzY2hlbWFfdmVyc2lvbiI6IjEifQ==",
          "dependencies": [
            "aws_ecr_repository.greenfield_project",
            "aws_iam_role.ecsTaskExecution",
            "data.aws_iam_policy_document.assume_role_policy"
          ]
        }
      ]
    },
    {
      "mode": "managed",
      "type": "aws_iam_role",
      "name": "ecsTaskExecution",
      "provider": "provider[\"registry.terraform.io/hashicorp/aws\"]",
      "instances": [
        {
          "schema_version": 0,
          "attributes": {
            "arn": "arn:aws:iam::654654510727:role/ecsTaskExecution",
            "assume_role_policy": "{\"Statement\":[{\"Action\":\"sts:AssumeRole\",\"Effect\":\"Allow\",\"Principal\":{\"Service\":\"ecs-tasks.amazonaws.com\"}}],\"Version\":\"2012-10-17\"}",
            "create_date": "2024-07-25T20:09:26Z",
            "description": "",
            "force_detach_policies": false,
            "id": "ecsTaskExecution",
            "inline_policy": [],
            "managed_policy_arns": [
              "arn:aws:iam::aws:policy/service-role/AmazonECSTaskExecutionRolePolicy"
            ],
            "max_session_duration": 3600,
            "name": "ecsTaskExecution",
            "name_prefix": "",
            "path": "/",
            "permissions_boundary": "",
            "tags": {},
            "tags_all": {},
            "unique_id": "AROAZQ3DTC2DZZFQIGATJ"
          },
          "sensitive_attributes": [],
          "private": "bnVsbA==",
          "dependencies": [
            "data.aws_iam_policy_document.assume_role_policy"
          ]
        }
      ]
    },
    {
      "mode": "managed",
      "type": "aws_iam_role_policy_attachment",
      "name": "ecsTaskExecutionRole_policy",
      "provider": "provider[\"registry.terraform.io/hashicorp/aws\"]",
      "instances": [
        {
          "schema_version": 0,
          "attributes": {
            "id": "ecsTaskExecution-20240725200929201100000002",
            "policy_arn": "arn:aws:iam::aws:policy/service-role/AmazonECSTaskExecutionRolePolicy",
            "role": "ecsTaskExecution"
          },
          "sensitive_attributes": [],
          "private": "bnVsbA==",
          "dependencies": [
            "aws_iam_role.ecsTaskExecution",
            "data.aws_iam_policy_document.assume_role_policy"
          ]
        }
      ]
    },
    {
      "mode": "managed",
      "type": "aws_lb_listener",
      "name": "listener",
      "provider": "provider[\"registry.terraform.io/hashicorp/aws\"]",
      "instances": [
        {
          "schema_version": 0,
          "attributes": {
            "alpn_policy": null,
            "arn": "arn:aws:elasticloadbalancing:eu-central-1:654654510727:listener/app/greenfield-project-load-balancer/ec207ca523acbd5b/e02623c1ae426e30",
            "certificate_arn": null,
            "default_action": [
              {
                "authenticate_cognito": [],
                "authenticate_oidc": [],
                "fixed_response": [],
                "forward": [],
                "order": 1,
                "redirect": [],
                "target_group_arn": "arn:aws:elasticloadbalancing:eu-central-1:654654510727:targetgroup/target-group-app/91bf8542aa749ae6",
                "type": "forward"
              }
            ],
            "id": "arn:aws:elasticloadbalancing:eu-central-1:654654510727:listener/app/greenfield-project-load-balancer/ec207ca523acbd5b/e02623c1ae426e30",
            "load_balancer_arn": "arn:aws:elasticloadbalancing:eu-central-1:654654510727:loadbalancer/app/greenfield-project-load-balancer/ec207ca523acbd5b",
            "mutual_authentication": [],
            "port": 80,
            "protocol": "HTTP",
            "ssl_policy": "",
            "tags": {},
            "tags_all": {},
            "timeouts": null
          },
          "sensitive_attributes": [],
          "private": "eyJlMmJmYjczMC1lY2FhLTExZTYtOGY4OC0zNDM2M2JjN2M0YzAiOnsiY3JlYXRlIjozMDAwMDAwMDAwMDAsInVwZGF0ZSI6MzAwMDAwMDAwMDAwfX0=",
          "dependencies": [
            "aws_alb.greenfield_project_load_balancer",
            "aws_default_subnet.default_subnet_a",
            "aws_default_subnet.default_subnet_b",
            "aws_default_vpc.default_vpc",
            "aws_lb_target_group.target_group_app",
            "aws_security_group.lb_security_group"
          ]
        }
      ]
    },
    {
      "mode": "managed",
      "type": "aws_lb_target_group",
      "name": "target_group_app",
      "provider": "provider[\"registry.terraform.io/hashicorp/aws\"]",
      "instances": [
        {
          "schema_version": 0,
          "attributes": {
            "arn": "arn:aws:elasticloadbalancing:eu-central-1:654654510727:targetgroup/target-group-app/91bf8542aa749ae6",
            "arn_suffix": "targetgroup/target-group-app/91bf8542aa749ae6",
            "connection_termination": null,
            "deregistration_delay": "300",
            "health_check": [
              {
                "enabled": true,
                "healthy_threshold": 3,
                "interval": 30,
                "matcher": "200",
                "path": "/q/health",
                "port": "traffic-port",
                "protocol": "HTTP",
                "timeout": 5,
                "unhealthy_threshold": 3
              }
            ],
            "id": "arn:aws:elasticloadbalancing:eu-central-1:654654510727:targetgroup/target-group-app/91bf8542aa749ae6",
            "ip_address_type": "ipv4",
            "lambda_multi_value_headers_enabled": false,
            "load_balancer_arns": [
              "arn:aws:elasticloadbalancing:eu-central-1:654654510727:loadbalancer/app/greenfield-project-load-balancer/ec207ca523acbd5b"
            ],
            "load_balancing_algorithm_type": "round_robin",
            "load_balancing_anomaly_mitigation": "off",
            "load_balancing_cross_zone_enabled": "use_load_balancer_configuration",
            "name": "target-group-app",
            "name_prefix": "",
            "port": 80,
            "preserve_client_ip": null,
            "protocol": "HTTP",
            "protocol_version": "HTTP1",
            "proxy_protocol_v2": false,
            "slow_start": 0,
            "stickiness": [
              {
                "cookie_duration": 86400,
                "cookie_name": "",
                "enabled": false,
                "type": "lb_cookie"
              }
            ],
            "tags": {},
            "tags_all": {},
            "target_failover": [
              {
                "on_deregistration": null,
                "on_unhealthy": null
              }
            ],
            "target_group_health": [
              {
                "dns_failover": [
                  {
                    "minimum_healthy_targets_count": "1",
                    "minimum_healthy_targets_percentage": "off"
                  }
                ],
                "unhealthy_state_routing": [
                  {
                    "minimum_healthy_targets_count": 1,
                    "minimum_healthy_targets_percentage": "off"
                  }
                ]
              }
            ],
            "target_health_state": [
              {
                "enable_unhealthy_connection_termination": null
              }
            ],
            "target_type": "ip",
            "vpc_id": "vpc-01820f5b3ff3967d9"
          },
          "sensitive_attributes": [],
          "private": "bnVsbA==",
          "dependencies": [
            "aws_default_vpc.default_vpc"
          ]
        }
      ]
    },
    {
      "mode": "managed",
      "type": "aws_security_group",
      "name": "lb_security_group",
      "provider": "provider[\"registry.terraform.io/hashicorp/aws\"]",
      "instances": [
        {
          "schema_version": 1,
          "attributes": {
            "arn": "arn:aws:ec2:eu-central-1:654654510727:security-group/sg-0e7265073e44b55f4",
            "description": "Managed by Terraform",
            "egress": [
              {
                "cidr_blocks": [
                  "0.0.0.0/0"
                ],
                "description": "",
                "from_port": 0,
                "ipv6_cidr_blocks": [],
                "prefix_list_ids": [],
                "protocol": "-1",
                "security_groups": [],
                "self": false,
                "to_port": 0
              }
            ],
            "id": "sg-0e7265073e44b55f4",
            "ingress": [
              {
                "cidr_blocks": [
                  "0.0.0.0/0"
                ],
                "description": "",
                "from_port": 80,
                "ipv6_cidr_blocks": [],
                "prefix_list_ids": [],
                "protocol": "tcp",
                "security_groups": [],
                "self": false,
                "to_port": 80
              }
            ],
            "name": "terraform-20240725200927964000000001",
            "name_prefix": "terraform-",
            "owner_id": "654654510727",
            "revoke_rules_on_delete": false,
            "tags": {},
            "tags_all": {},
            "timeouts": null,
            "vpc_id": "vpc-01820f5b3ff3967d9"
          },
          "sensitive_attributes": [],
          "private": "eyJlMmJmYjczMC1lY2FhLTExZTYtOGY4OC0zNDM2M2JjN2M0YzAiOnsiY3JlYXRlIjo2MDAwMDAwMDAwMDAsImRlbGV0ZSI6OTAwMDAwMDAwMDAwfSwic2NoZW1hX3ZlcnNpb24iOiIxIn0="
        }
      ]
    },
    {
      "mode": "managed",
      "type": "aws_security_group",
      "name": "service_security_group",
      "provider": "provider[\"registry.terraform.io/hashicorp/aws\"]",
      "instances": [
        {
          "schema_version": 1,
          "attributes": {
            "arn": "arn:aws:ec2:eu-central-1:654654510727:security-group/sg-020b172b2f1b7acd3",
            "description": "Managed by Terraform",
            "egress": [
              {
                "cidr_blocks": [
                  "0.0.0.0/0"
                ],
                "description": "",
                "from_port": 0,
                "ipv6_cidr_blocks": [],
                "prefix_list_ids": [],
                "protocol": "-1",
                "security_groups": [],
                "self": false,
                "to_port": 0
              }
            ],
            "id": "sg-020b172b2f1b7acd3",
            "ingress": [
              {
                "cidr_blocks": [],
                "description": "",
                "from_port": 0,
                "ipv6_cidr_blocks": [],
                "prefix_list_ids": [],
                "protocol": "-1",
                "security_groups": [
                  "sg-0e7265073e44b55f4"
                ],
                "self": false,
                "to_port": 0
              }
            ],
            "name": "terraform-20240725200930375900000003",
            "name_prefix": "terraform-",
            "owner_id": "654654510727",
            "revoke_rules_on_delete": false,
            "tags": {},
            "tags_all": {},
            "timeouts": null,
            "vpc_id": "vpc-01820f5b3ff3967d9"
          },
          "sensitive_attributes": [],
          "private": "eyJlMmJmYjczMC1lY2FhLTExZTYtOGY4OC0zNDM2M2JjN2M0YzAiOnsiY3JlYXRlIjo2MDAwMDAwMDAwMDAsImRlbGV0ZSI6OTAwMDAwMDAwMDAwfSwic2NoZW1hX3ZlcnNpb24iOiIxIn0=",
          "dependencies": [
            "aws_security_group.lb_security_group"
          ]
        }
      ]
    },
    {
      "mode": "managed",
      "type": "docker_image",
      "name": "greenfield_project_image",
      "provider": "provider[\"registry.terraform.io/kreuzwerker/docker\"]",
      "instances": [
        {
          "schema_version": 0,
          "attributes": {
            "build": [
              {
                "auth_config": [],
                "build_arg": null,
                "build_args": null,
                "build_id": "",
                "cache_from": [],
                "cgroup_parent": "",
                "context": "../greenfield-project-java/",
                "cpu_period": null,
                "cpu_quota": null,
                "cpu_set_cpus": "",
                "cpu_set_mems": "",
                "cpu_shares": null,
                "dockerfile": "Dockerfile",
                "extra_hosts": [],
                "force_remove": null,
                "isolation": "",
                "label": null,
                "labels": null,
                "memory": null,
                "memory_swap": null,
                "network_mode": "",
                "no_cache": null,
                "platform": "",
                "pull_parent": null,
                "remote_context": "",
                "remove": true,
                "security_opt": [],
                "session_id": "",
                "shm_size": null,
                "squash": null,
                "suppress_output": null,
                "tag": [],
                "target": "",
                "ulimit": [],
                "version": ""
              }
            ],
            "force_remove": null,
            "id": "sha256:9be3f51d9e52516ef498bdd274fa52160ac67dd3122db566406f25013dd6b144654654510727.dkr.ecr.eu-central-1.amazonaws.com/greenfield-project:latest",
            "image_id": "sha256:9be3f51d9e52516ef498bdd274fa52160ac67dd3122db566406f25013dd6b144",
            "keep_locally": null,
            "name": "654654510727.dkr.ecr.eu-central-1.amazonaws.com/greenfield-project:latest",
            "platform": null,
            "pull_triggers": null,
            "repo_digest": "",
            "triggers": null
          },
          "sensitive_attributes": [],
          "private": "bnVsbA==",
          "dependencies": [
            "data.aws_ecr_authorization_token.auth_token_ecr"
          ]
        }
      ]
    },
    {
      "mode": "managed",
      "type": "docker_registry_image",
      "name": "push_docker_image",
      "provider": "provider[\"registry.terraform.io/kreuzwerker/docker\"]",
      "instances": [
        {
          "schema_version": 0,
          "attributes": {
            "id": "sha256:687397fc80e48914a5c7ae5335e54d8376a8029055c975967f107bf2a102b7f1",
            "insecure_skip_verify": false,
            "keep_remotely": false,
            "name": "654654510727.dkr.ecr.eu-central-1.amazonaws.com/greenfield-project:latest",
            "sha256_digest": "sha256:687397fc80e48914a5c7ae5335e54d8376a8029055c975967f107bf2a102b7f1",
            "triggers": null
          },
          "sensitive_attributes": [],
          "private": "bnVsbA==",
          "dependencies": [
            "data.aws_ecr_authorization_token.auth_token_ecr",
            "docker_image.greenfield_project_image"
          ]
        }
      ]
    }
  ],
  "check_results": null
}
